// !$*UTF8*$!
{
	archiveVersion = 1;
	classes = {
	};
	objectVersion = 55;
	objects = {

/* Begin PBXBuildFile section */
		3C364C8A291E921600F4B749 /* ReduxError.swift in Sources */ = {isa = PBXBuildFile; fileRef = 3C364C89291E921600F4B749 /* ReduxError.swift */; };
		3C364C8D291E9AEA00F4B749 /* ToDiff.swift in Sources */ = {isa = PBXBuildFile; fileRef = 3C364C8C291E9AEA00F4B749 /* ToDiff.swift */; };
		3C364C8F291E9B1800F4B749 /* ToRows.swift in Sources */ = {isa = PBXBuildFile; fileRef = 3C364C8E291E9B1800F4B749 /* ToRows.swift */; };
		3C364C91291E9BD900F4B749 /* Resources.swift in Sources */ = {isa = PBXBuildFile; fileRef = 3C364C90291E9BD900F4B749 /* Resources.swift */; };
		3C364C93291E9C2E00F4B749 /* ToPrettyState.swift in Sources */ = {isa = PBXBuildFile; fileRef = 3C364C92291E9C2E00F4B749 /* ToPrettyState.swift */; };
		3C364C97291E9CE200F4B749 /* ToDescriptiveError.swift in Sources */ = {isa = PBXBuildFile; fileRef = 3C364C96291E9CE200F4B749 /* ToDescriptiveError.swift */; };
		3C364C9A291E9ED200F4B749 /* LensError.swift in Sources */ = {isa = PBXBuildFile; fileRef = 3C364C99291E9ED200F4B749 /* LensError.swift */; };
		3C43781028F2FF5F002B0326 /* Network.swift in Sources */ = {isa = PBXBuildFile; fileRef = 3C43780F28F2FF5F002B0326 /* Network.swift */; };
		3C43781228F302C3002B0326 /* ViewStore.swift in Sources */ = {isa = PBXBuildFile; fileRef = 3C43781128F302C3002B0326 /* ViewStore.swift */; };
		3C610F3528BF43E800627CC1 /* LoadJson.swift in Sources */ = {isa = PBXBuildFile; fileRef = 3C610F3328BF43E800627CC1 /* LoadJson.swift */; };
		3C610F3628BF43E800627CC1 /* big_state.json in Resources */ = {isa = PBXBuildFile; fileRef = 3C610F3428BF43E800627CC1 /* big_state.json */; };
		3C610F3928BF4ADA00627CC1 /* ComposableArchitecture in Frameworks */ = {isa = PBXBuildFile; productRef = 3C610F3828BF4ADA00627CC1 /* ComposableArchitecture */; };
		3C610F3D28BF52A200627CC1 /* Reducer.swift in Sources */ = {isa = PBXBuildFile; fileRef = 3C610F3C28BF52A200627CC1 /* Reducer.swift */; };
		3C610F3F28BF52DF00627CC1 /* Action.swift in Sources */ = {isa = PBXBuildFile; fileRef = 3C610F3E28BF52DF00627CC1 /* Action.swift */; };
		3C610F4128BF542700627CC1 /* AppState.swift in Sources */ = {isa = PBXBuildFile; fileRef = 3C610F4028BF542700627CC1 /* AppState.swift */; };
		3C610F4328BF54C000627CC1 /* Environment.swift in Sources */ = {isa = PBXBuildFile; fileRef = 3C610F4228BF54C000627CC1 /* Environment.swift */; };
		3C610F4528BF5DD200627CC1 /* AppViewState.swift in Sources */ = {isa = PBXBuildFile; fileRef = 3C610F4428BF5DD200627CC1 /* AppViewState.swift */; };
		3C61162828BF6C5400627CC1 /* TreeView.swift in Sources */ = {isa = PBXBuildFile; fileRef = 3C61162728BF6C5400627CC1 /* TreeView.swift */; };
		3C61162A28BF6C7600627CC1 /* TextEditorView.swift in Sources */ = {isa = PBXBuildFile; fileRef = 3C61162928BF6C7600627CC1 /* TextEditorView.swift */; };
		3C61162C28BF6CDC00627CC1 /* TabPageView.swift in Sources */ = {isa = PBXBuildFile; fileRef = 3C61162B28BF6CDC00627CC1 /* TabPageView.swift */; };
		3C61162E28BF7C0400627CC1 /* FakeReducer.swift in Sources */ = {isa = PBXBuildFile; fileRef = 3C61162D28BF7C0400627CC1 /* FakeReducer.swift */; };
		3C61163128BF8B7400627CC1 /* OutlineView in Frameworks */ = {isa = PBXBuildFile; productRef = 3C61163028BF8B7400627CC1 /* OutlineView */; };
		3C61163328C0968500627CC1 /* TabCabinetView.swift in Sources */ = {isa = PBXBuildFile; fileRef = 3C61163228C0968500627CC1 /* TabCabinetView.swift */; };
		3C61163528C099CE00627CC1 /* CatalogView.swift in Sources */ = {isa = PBXBuildFile; fileRef = 3C61163428C099CE00627CC1 /* CatalogView.swift */; };
		3C61163728C09B2500627CC1 /* ToolKitView.swift in Sources */ = {isa = PBXBuildFile; fileRef = 3C61163628C09B2500627CC1 /* ToolKitView.swift */; };
		3C61163928C0A26F00627CC1 /* SearchField.swift in Sources */ = {isa = PBXBuildFile; fileRef = 3C61163828C0A26F00627CC1 /* SearchField.swift */; };
		3C81E6A8288E777B003B9836 /* SpyglassApp.swift in Sources */ = {isa = PBXBuildFile; fileRef = 3C81E6A7288E777B003B9836 /* SpyglassApp.swift */; };
		3C81E6AA288E777B003B9836 /* ContentView.swift in Sources */ = {isa = PBXBuildFile; fileRef = 3C81E6A9288E777B003B9836 /* ContentView.swift */; };
		3C81E6AC288E777C003B9836 /* Assets.xcassets in Resources */ = {isa = PBXBuildFile; fileRef = 3C81E6AB288E777C003B9836 /* Assets.xcassets */; };
		3C81E6AF288E777C003B9836 /* Preview Assets.xcassets in Resources */ = {isa = PBXBuildFile; fileRef = 3C81E6AE288E777C003B9836 /* Preview Assets.xcassets */; };
		3C81E6BA288E777C003B9836 /* CircularBufferTests.swift in Sources */ = {isa = PBXBuildFile; fileRef = 3C81E6B9288E777C003B9836 /* CircularBufferTests.swift */; };
		3C81E6C4288E777C003B9836 /* SpyglassUITests.swift in Sources */ = {isa = PBXBuildFile; fileRef = 3C81E6C3288E777C003B9836 /* SpyglassUITests.swift */; };
		3C81E6C6288E777C003B9836 /* SpyglassUITestsLaunchTests.swift in Sources */ = {isa = PBXBuildFile; fileRef = 3C81E6C5288E777C003B9836 /* SpyglassUITestsLaunchTests.swift */; };
		3C81E6D4288E9411003B9836 /* LensView.swift in Sources */ = {isa = PBXBuildFile; fileRef = 3C81E6D3288E9411003B9836 /* LensView.swift */; };
		3C81E6DA288E9D2C003B9836 /* Vapor in Frameworks */ = {isa = PBXBuildFile; productRef = 3C81E6D9288E9D2C003B9836 /* Vapor */; };
		3C81E6DC288E9E97003B9836 /* LensLoader.swift in Sources */ = {isa = PBXBuildFile; fileRef = 3C81E6DB288E9E97003B9836 /* LensLoader.swift */; };
		3C81E6DE288E9EED003B9836 /* LensBuilder.swift in Sources */ = {isa = PBXBuildFile; fileRef = 3C81E6DD288E9EED003B9836 /* LensBuilder.swift */; };
		3C81E6E0288E9F4B003B9836 /* Lens.swift in Sources */ = {isa = PBXBuildFile; fileRef = 3C81E6DF288E9F4B003B9836 /* Lens.swift */; };
		3C81E6E2288EA42F003B9836 /* Spyglass.swift in Sources */ = {isa = PBXBuildFile; fileRef = 3C81E6E1288EA42F003B9836 /* Spyglass.swift */; };
		3C81E6E4288EA520003B9836 /* WebsocketServer.swift in Sources */ = {isa = PBXBuildFile; fileRef = 3C81E6E3288EA520003B9836 /* WebsocketServer.swift */; };
		3CD39FAD288EDB5C008A6E7B /* ReduxLensBuilder.swift in Sources */ = {isa = PBXBuildFile; fileRef = 3CD39FAC288EDB5C008A6E7B /* ReduxLensBuilder.swift */; };
		3CD39FAF288EDB78008A6E7B /* ReduxLens.swift in Sources */ = {isa = PBXBuildFile; fileRef = 3CD39FAE288EDB78008A6E7B /* ReduxLens.swift */; };
		3CD39FB1288FB25A008A6E7B /* ReduxEvent.swift in Sources */ = {isa = PBXBuildFile; fileRef = 3CD39FB0288FB25A008A6E7B /* ReduxEvent.swift */; };
		3CD3A02E28910D40008A6E7B /* CustomDump in Frameworks */ = {isa = PBXBuildFile; productRef = 3CD3A02D28910D40008A6E7B /* CustomDump */; };
		3CE36F9F290AD20A0049E59B /* MacEditorTextView.swift in Sources */ = {isa = PBXBuildFile; fileRef = 3CE36F9E290AD20A0049E59B /* MacEditorTextView.swift */; };
/* End PBXBuildFile section */

/* Begin PBXContainerItemProxy section */
		3C81E6B6288E777C003B9836 /* PBXContainerItemProxy */ = {
			isa = PBXContainerItemProxy;
			containerPortal = 3C81E69C288E777B003B9836 /* Project object */;
			proxyType = 1;
			remoteGlobalIDString = 3C81E6A3288E777B003B9836;
			remoteInfo = Spyglass;
		};
		3C81E6C0288E777C003B9836 /* PBXContainerItemProxy */ = {
			isa = PBXContainerItemProxy;
			containerPortal = 3C81E69C288E777B003B9836 /* Project object */;
			proxyType = 1;
			remoteGlobalIDString = 3C81E6A3288E777B003B9836;
			remoteInfo = Spyglass;
		};
/* End PBXContainerItemProxy section */

/* Begin PBXFileReference section */
		3C364C89291E921600F4B749 /* ReduxError.swift */ = {isa = PBXFileReference; lastKnownFileType = sourcecode.swift; path = ReduxError.swift; sourceTree = "<group>"; };
		3C364C8C291E9AEA00F4B749 /* ToDiff.swift */ = {isa = PBXFileReference; lastKnownFileType = sourcecode.swift; path = ToDiff.swift; sourceTree = "<group>"; };
		3C364C8E291E9B1800F4B749 /* ToRows.swift */ = {isa = PBXFileReference; lastKnownFileType = sourcecode.swift; path = ToRows.swift; sourceTree = "<group>"; };
		3C364C90291E9BD900F4B749 /* Resources.swift */ = {isa = PBXFileReference; lastKnownFileType = sourcecode.swift; path = Resources.swift; sourceTree = "<group>"; };
		3C364C92291E9C2E00F4B749 /* ToPrettyState.swift */ = {isa = PBXFileReference; lastKnownFileType = sourcecode.swift; path = ToPrettyState.swift; sourceTree = "<group>"; };
		3C364C96291E9CE200F4B749 /* ToDescriptiveError.swift */ = {isa = PBXFileReference; lastKnownFileType = sourcecode.swift; path = ToDescriptiveError.swift; sourceTree = "<group>"; };
		3C364C99291E9ED200F4B749 /* LensError.swift */ = {isa = PBXFileReference; lastKnownFileType = sourcecode.swift; path = LensError.swift; sourceTree = "<group>"; };
		3C43780F28F2FF5F002B0326 /* Network.swift */ = {isa = PBXFileReference; lastKnownFileType = sourcecode.swift; path = Network.swift; sourceTree = "<group>"; };
		3C43781128F302C3002B0326 /* ViewStore.swift */ = {isa = PBXFileReference; lastKnownFileType = sourcecode.swift; path = ViewStore.swift; sourceTree = "<group>"; };
		3C610F3328BF43E800627CC1 /* LoadJson.swift */ = {isa = PBXFileReference; fileEncoding = 4; lastKnownFileType = sourcecode.swift; path = LoadJson.swift; sourceTree = "<group>"; };
		3C610F3428BF43E800627CC1 /* big_state.json */ = {isa = PBXFileReference; fileEncoding = 4; lastKnownFileType = text.json; path = big_state.json; sourceTree = "<group>"; };
		3C610F3C28BF52A200627CC1 /* Reducer.swift */ = {isa = PBXFileReference; lastKnownFileType = sourcecode.swift; path = Reducer.swift; sourceTree = "<group>"; };
		3C610F3E28BF52DF00627CC1 /* Action.swift */ = {isa = PBXFileReference; lastKnownFileType = sourcecode.swift; path = Action.swift; sourceTree = "<group>"; };
		3C610F4028BF542700627CC1 /* AppState.swift */ = {isa = PBXFileReference; lastKnownFileType = sourcecode.swift; path = AppState.swift; sourceTree = "<group>"; };
		3C610F4228BF54C000627CC1 /* Environment.swift */ = {isa = PBXFileReference; lastKnownFileType = sourcecode.swift; path = Environment.swift; sourceTree = "<group>"; };
		3C610F4428BF5DD200627CC1 /* AppViewState.swift */ = {isa = PBXFileReference; lastKnownFileType = sourcecode.swift; path = AppViewState.swift; sourceTree = "<group>"; };
		3C61162728BF6C5400627CC1 /* TreeView.swift */ = {isa = PBXFileReference; lastKnownFileType = sourcecode.swift; path = TreeView.swift; sourceTree = "<group>"; };
		3C61162928BF6C7600627CC1 /* TextEditorView.swift */ = {isa = PBXFileReference; lastKnownFileType = sourcecode.swift; path = TextEditorView.swift; sourceTree = "<group>"; };
		3C61162B28BF6CDC00627CC1 /* TabPageView.swift */ = {isa = PBXFileReference; lastKnownFileType = sourcecode.swift; path = TabPageView.swift; sourceTree = "<group>"; };
		3C61162D28BF7C0400627CC1 /* FakeReducer.swift */ = {isa = PBXFileReference; lastKnownFileType = sourcecode.swift; path = FakeReducer.swift; sourceTree = "<group>"; };
		3C61163228C0968500627CC1 /* TabCabinetView.swift */ = {isa = PBXFileReference; lastKnownFileType = sourcecode.swift; path = TabCabinetView.swift; sourceTree = "<group>"; };
		3C61163428C099CE00627CC1 /* CatalogView.swift */ = {isa = PBXFileReference; lastKnownFileType = sourcecode.swift; path = CatalogView.swift; sourceTree = "<group>"; };
		3C61163628C09B2500627CC1 /* ToolKitView.swift */ = {isa = PBXFileReference; lastKnownFileType = sourcecode.swift; path = ToolKitView.swift; sourceTree = "<group>"; };
		3C61163828C0A26F00627CC1 /* SearchField.swift */ = {isa = PBXFileReference; lastKnownFileType = sourcecode.swift; path = SearchField.swift; sourceTree = "<group>"; };
		3C81E6A4288E777B003B9836 /* Spyglass.app */ = {isa = PBXFileReference; explicitFileType = wrapper.application; includeInIndex = 0; path = Spyglass.app; sourceTree = BUILT_PRODUCTS_DIR; };
		3C81E6A7288E777B003B9836 /* SpyglassApp.swift */ = {isa = PBXFileReference; lastKnownFileType = sourcecode.swift; path = SpyglassApp.swift; sourceTree = "<group>"; };
		3C81E6A9288E777B003B9836 /* ContentView.swift */ = {isa = PBXFileReference; lastKnownFileType = sourcecode.swift; path = ContentView.swift; sourceTree = "<group>"; };
		3C81E6AB288E777C003B9836 /* Assets.xcassets */ = {isa = PBXFileReference; lastKnownFileType = folder.assetcatalog; path = Assets.xcassets; sourceTree = "<group>"; };
		3C81E6AE288E777C003B9836 /* Preview Assets.xcassets */ = {isa = PBXFileReference; lastKnownFileType = folder.assetcatalog; path = "Preview Assets.xcassets"; sourceTree = "<group>"; };
		3C81E6B0288E777C003B9836 /* Spyglass.entitlements */ = {isa = PBXFileReference; lastKnownFileType = text.plist.entitlements; path = Spyglass.entitlements; sourceTree = "<group>"; };
		3C81E6B5288E777C003B9836 /* SpyglassTests.xctest */ = {isa = PBXFileReference; explicitFileType = wrapper.cfbundle; includeInIndex = 0; path = SpyglassTests.xctest; sourceTree = BUILT_PRODUCTS_DIR; };
		3C81E6B9288E777C003B9836 /* CircularBufferTests.swift */ = {isa = PBXFileReference; lastKnownFileType = sourcecode.swift; path = CircularBufferTests.swift; sourceTree = "<group>"; };
		3C81E6BF288E777C003B9836 /* SpyglassUITests.xctest */ = {isa = PBXFileReference; explicitFileType = wrapper.cfbundle; includeInIndex = 0; path = SpyglassUITests.xctest; sourceTree = BUILT_PRODUCTS_DIR; };
		3C81E6C3288E777C003B9836 /* SpyglassUITests.swift */ = {isa = PBXFileReference; lastKnownFileType = sourcecode.swift; path = SpyglassUITests.swift; sourceTree = "<group>"; };
		3C81E6C5288E777C003B9836 /* SpyglassUITestsLaunchTests.swift */ = {isa = PBXFileReference; lastKnownFileType = sourcecode.swift; path = SpyglassUITestsLaunchTests.swift; sourceTree = "<group>"; };
		3C81E6D3288E9411003B9836 /* LensView.swift */ = {isa = PBXFileReference; lastKnownFileType = sourcecode.swift; path = LensView.swift; sourceTree = "<group>"; };
		3C81E6DB288E9E97003B9836 /* LensLoader.swift */ = {isa = PBXFileReference; lastKnownFileType = sourcecode.swift; path = LensLoader.swift; sourceTree = "<group>"; };
		3C81E6DD288E9EED003B9836 /* LensBuilder.swift */ = {isa = PBXFileReference; lastKnownFileType = sourcecode.swift; path = LensBuilder.swift; sourceTree = "<group>"; };
		3C81E6DF288E9F4B003B9836 /* Lens.swift */ = {isa = PBXFileReference; lastKnownFileType = sourcecode.swift; path = Lens.swift; sourceTree = "<group>"; };
		3C81E6E1288EA42F003B9836 /* Spyglass.swift */ = {isa = PBXFileReference; lastKnownFileType = sourcecode.swift; path = Spyglass.swift; sourceTree = "<group>"; };
		3C81E6E3288EA520003B9836 /* WebsocketServer.swift */ = {isa = PBXFileReference; lastKnownFileType = sourcecode.swift; path = WebsocketServer.swift; sourceTree = "<group>"; };
		3CD39FAC288EDB5C008A6E7B /* ReduxLensBuilder.swift */ = {isa = PBXFileReference; lastKnownFileType = sourcecode.swift; path = ReduxLensBuilder.swift; sourceTree = "<group>"; };
		3CD39FAE288EDB78008A6E7B /* ReduxLens.swift */ = {isa = PBXFileReference; lastKnownFileType = sourcecode.swift; path = ReduxLens.swift; sourceTree = "<group>"; };
		3CD39FB0288FB25A008A6E7B /* ReduxEvent.swift */ = {isa = PBXFileReference; lastKnownFileType = sourcecode.swift; path = ReduxEvent.swift; sourceTree = "<group>"; };
		3CE36F9E290AD20A0049E59B /* MacEditorTextView.swift */ = {isa = PBXFileReference; lastKnownFileType = sourcecode.swift; path = MacEditorTextView.swift; sourceTree = "<group>"; };
/* End PBXFileReference section */

/* Begin PBXFrameworksBuildPhase section */
		3C81E6A1288E777B003B9836 /* Frameworks */ = {
			isa = PBXFrameworksBuildPhase;
			buildActionMask = 2147483647;
			files = (
				3C81E6DA288E9D2C003B9836 /* Vapor in Frameworks */,
				3C610F3928BF4ADA00627CC1 /* ComposableArchitecture in Frameworks */,
				3CD3A02E28910D40008A6E7B /* CustomDump in Frameworks */,
				3C61163128BF8B7400627CC1 /* OutlineView in Frameworks */,
			);
			runOnlyForDeploymentPostprocessing = 0;
		};
		3C81E6B2288E777C003B9836 /* Frameworks */ = {
			isa = PBXFrameworksBuildPhase;
			buildActionMask = 2147483647;
			files = (
			);
			runOnlyForDeploymentPostprocessing = 0;
		};
		3C81E6BC288E777C003B9836 /* Frameworks */ = {
			isa = PBXFrameworksBuildPhase;
			buildActionMask = 2147483647;
			files = (
			);
			runOnlyForDeploymentPostprocessing = 0;
		};
/* End PBXFrameworksBuildPhase section */

/* Begin PBXGroup section */
		3C364C88291E91F400F4B749 /* State */ = {
			isa = PBXGroup;
			children = (
				3CD39FB0288FB25A008A6E7B /* ReduxEvent.swift */,
				3C610F4028BF542700627CC1 /* AppState.swift */,
				3C364C89291E921600F4B749 /* ReduxError.swift */,
			);
			path = State;
			sourceTree = "<group>";
		};
		3C364C8B291E9AC500F4B749 /* ViewState */ = {
			isa = PBXGroup;
			children = (
				3C364C98291E9DA000F4B749 /* Conversion */,
				3C610F4428BF5DD200627CC1 /* AppViewState.swift */,
				3C364C90291E9BD900F4B749 /* Resources.swift */,
			);
			path = ViewState;
			sourceTree = "<group>";
		};
		3C364C98291E9DA000F4B749 /* Conversion */ = {
			isa = PBXGroup;
			children = (
				3C364C8C291E9AEA00F4B749 /* ToDiff.swift */,
				3C364C8E291E9B1800F4B749 /* ToRows.swift */,
				3C364C96291E9CE200F4B749 /* ToDescriptiveError.swift */,
				3C364C92291E9C2E00F4B749 /* ToPrettyState.swift */,
			);
			path = Conversion;
			sourceTree = "<group>";
		};
		3C610F3228BF43E800627CC1 /* Fake */ = {
			isa = PBXGroup;
			children = (
				3C610F3328BF43E800627CC1 /* LoadJson.swift */,
				3C610F3428BF43E800627CC1 /* big_state.json */,
				3C61162D28BF7C0400627CC1 /* FakeReducer.swift */,
			);
			path = Fake;
			sourceTree = "<group>";
		};
		3C610F3B28BF529800627CC1 /* TCA */ = {
			isa = PBXGroup;
			children = (
				3C610F3E28BF52DF00627CC1 /* Action.swift */,
				3C610F4228BF54C000627CC1 /* Environment.swift */,
				3C610F3C28BF52A200627CC1 /* Reducer.swift */,
				3C364C88291E91F400F4B749 /* State */,
				3C364C8B291E9AC500F4B749 /* ViewState */,
			);
			path = TCA;
			sourceTree = "<group>";
		};
		3C61162628BF6C1900627CC1 /* View */ = {
			isa = PBXGroup;
			children = (
				3CE36F9D290AD1E60049E59B /* MacEditorTextView */,
				3C81E6A9288E777B003B9836 /* ContentView.swift */,
				3C61162728BF6C5400627CC1 /* TreeView.swift */,
				3C61162928BF6C7600627CC1 /* TextEditorView.swift */,
				3C61163828C0A26F00627CC1 /* SearchField.swift */,
				3C61162B28BF6CDC00627CC1 /* TabPageView.swift */,
				3C61163228C0968500627CC1 /* TabCabinetView.swift */,
				3C61163428C099CE00627CC1 /* CatalogView.swift */,
				3C61163628C09B2500627CC1 /* ToolKitView.swift */,
			);
			path = View;
			sourceTree = "<group>";
		};
		3C81E69B288E777B003B9836 = {
			isa = PBXGroup;
			children = (
				3C81E6D5288E958D003B9836 /* ReduxLens */,
				3C81E6D2288E93F9003B9836 /* LensInterface */,
				3C81E6A6288E777B003B9836 /* Spyglass */,
				3C81E6B8288E777C003B9836 /* SpyglassTests */,
				3C81E6C2288E777C003B9836 /* SpyglassUITests */,
				3C81E6A5288E777B003B9836 /* Products */,
			);
			sourceTree = "<group>";
		};
		3C81E6A5288E777B003B9836 /* Products */ = {
			isa = PBXGroup;
			children = (
				3C81E6A4288E777B003B9836 /* Spyglass.app */,
				3C81E6B5288E777C003B9836 /* SpyglassTests.xctest */,
				3C81E6BF288E777C003B9836 /* SpyglassUITests.xctest */,
			);
			name = Products;
			sourceTree = "<group>";
		};
		3C81E6A6288E777B003B9836 /* Spyglass */ = {
			isa = PBXGroup;
			children = (
				3C61162628BF6C1900627CC1 /* View */,
				3C81E6E1288EA42F003B9836 /* Spyglass.swift */,
				3C43781128F302C3002B0326 /* ViewStore.swift */,
				3C81E6E3288EA520003B9836 /* WebsocketServer.swift */,
				3C43780F28F2FF5F002B0326 /* Network.swift */,
				3C81E6DB288E9E97003B9836 /* LensLoader.swift */,
				3C81E6A7288E777B003B9836 /* SpyglassApp.swift */,
				3C81E6AB288E777C003B9836 /* Assets.xcassets */,
				3C81E6B0288E777C003B9836 /* Spyglass.entitlements */,
				3C81E6AD288E777C003B9836 /* Preview Content */,
			);
			path = Spyglass;
			sourceTree = "<group>";
		};
		3C81E6AD288E777C003B9836 /* Preview Content */ = {
			isa = PBXGroup;
			children = (
				3C81E6AE288E777C003B9836 /* Preview Assets.xcassets */,
			);
			path = "Preview Content";
			sourceTree = "<group>";
		};
		3C81E6B8288E777C003B9836 /* SpyglassTests */ = {
			isa = PBXGroup;
			children = (
				3C81E6B9288E777C003B9836 /* CircularBufferTests.swift */,
			);
			path = SpyglassTests;
			sourceTree = "<group>";
		};
		3C81E6C2288E777C003B9836 /* SpyglassUITests */ = {
			isa = PBXGroup;
			children = (
				3C81E6C3288E777C003B9836 /* SpyglassUITests.swift */,
				3C81E6C5288E777C003B9836 /* SpyglassUITestsLaunchTests.swift */,
			);
			path = SpyglassUITests;
			sourceTree = "<group>";
		};
		3C81E6D2288E93F9003B9836 /* LensInterface */ = {
			isa = PBXGroup;
			children = (
				3C81E6D3288E9411003B9836 /* LensView.swift */,
				3C81E6DD288E9EED003B9836 /* LensBuilder.swift */,
				3C81E6DF288E9F4B003B9836 /* Lens.swift */,
				3C364C99291E9ED200F4B749 /* LensError.swift */,
			);
			path = LensInterface;
			sourceTree = "<group>";
		};
		3C81E6D5288E958D003B9836 /* ReduxLens */ = {
			isa = PBXGroup;
			children = (
				3C610F3B28BF529800627CC1 /* TCA */,
				3C610F3228BF43E800627CC1 /* Fake */,
				3CD39FAC288EDB5C008A6E7B /* ReduxLensBuilder.swift */,
				3CD39FAE288EDB78008A6E7B /* ReduxLens.swift */,
			);
			path = ReduxLens;
			sourceTree = "<group>";
		};
		3CE36F9D290AD1E60049E59B /* MacEditorTextView */ = {
			isa = PBXGroup;
			children = (
				3CE36F9E290AD20A0049E59B /* MacEditorTextView.swift */,
			);
			path = MacEditorTextView;
			sourceTree = "<group>";
		};
/* End PBXGroup section */

/* Begin PBXNativeTarget section */
		3C81E6A3288E777B003B9836 /* Spyglass */ = {
			isa = PBXNativeTarget;
			buildConfigurationList = 3C81E6C9288E777C003B9836 /* Build configuration list for PBXNativeTarget "Spyglass" */;
			buildPhases = (
				3C81E6A0288E777B003B9836 /* Sources */,
				3C81E6A1288E777B003B9836 /* Frameworks */,
				3C81E6A2288E777B003B9836 /* Resources */,
			);
			buildRules = (
			);
			dependencies = (
			);
			name = Spyglass;
			packageProductDependencies = (
				3C81E6D9288E9D2C003B9836 /* Vapor */,
				3CD3A02D28910D40008A6E7B /* CustomDump */,
				3C610F3828BF4ADA00627CC1 /* ComposableArchitecture */,
				3C61163028BF8B7400627CC1 /* OutlineView */,
			);
			productName = Spyglass;
			productReference = 3C81E6A4288E777B003B9836 /* Spyglass.app */;
			productType = "com.apple.product-type.application";
		};
		3C81E6B4288E777C003B9836 /* SpyglassTests */ = {
			isa = PBXNativeTarget;
			buildConfigurationList = 3C81E6CC288E777C003B9836 /* Build configuration list for PBXNativeTarget "SpyglassTests" */;
			buildPhases = (
				3C81E6B1288E777C003B9836 /* Sources */,
				3C81E6B2288E777C003B9836 /* Frameworks */,
				3C81E6B3288E777C003B9836 /* Resources */,
			);
			buildRules = (
			);
			dependencies = (
				3C81E6B7288E777C003B9836 /* PBXTargetDependency */,
			);
			name = SpyglassTests;
			productName = SpyglassTests;
			productReference = 3C81E6B5288E777C003B9836 /* SpyglassTests.xctest */;
			productType = "com.apple.product-type.bundle.unit-test";
		};
		3C81E6BE288E777C003B9836 /* SpyglassUITests */ = {
			isa = PBXNativeTarget;
			buildConfigurationList = 3C81E6CF288E777C003B9836 /* Build configuration list for PBXNativeTarget "SpyglassUITests" */;
			buildPhases = (
				3C81E6BB288E777C003B9836 /* Sources */,
				3C81E6BC288E777C003B9836 /* Frameworks */,
				3C81E6BD288E777C003B9836 /* Resources */,
			);
			buildRules = (
			);
			dependencies = (
				3C81E6C1288E777C003B9836 /* PBXTargetDependency */,
			);
			name = SpyglassUITests;
			productName = SpyglassUITests;
			productReference = 3C81E6BF288E777C003B9836 /* SpyglassUITests.xctest */;
			productType = "com.apple.product-type.bundle.ui-testing";
		};
/* End PBXNativeTarget section */

/* Begin PBXProject section */
		3C81E69C288E777B003B9836 /* Project object */ = {
			isa = PBXProject;
			attributes = {
				BuildIndependentTargetsInParallel = 1;
				LastSwiftUpdateCheck = 1320;
				LastUpgradeCheck = 1320;
				TargetAttributes = {
					3C81E6A3288E777B003B9836 = {
						CreatedOnToolsVersion = 13.2.1;
					};
					3C81E6B4288E777C003B9836 = {
						CreatedOnToolsVersion = 13.2.1;
						TestTargetID = 3C81E6A3288E777B003B9836;
					};
					3C81E6BE288E777C003B9836 = {
						CreatedOnToolsVersion = 13.2.1;
						TestTargetID = 3C81E6A3288E777B003B9836;
					};
				};
			};
			buildConfigurationList = 3C81E69F288E777B003B9836 /* Build configuration list for PBXProject "Spyglass" */;
			compatibilityVersion = "Xcode 13.0";
			developmentRegion = en;
			hasScannedForEncodings = 0;
			knownRegions = (
				en,
				Base,
			);
			mainGroup = 3C81E69B288E777B003B9836;
			packageReferences = (
				3C81E6D8288E9D2C003B9836 /* XCRemoteSwiftPackageReference "vapor" */,
				3CD3A02C28910D40008A6E7B /* XCRemoteSwiftPackageReference "swift-custom-dump" */,
				3C610F3728BF4ADA00627CC1 /* XCRemoteSwiftPackageReference "swift-composable-architecture" */,
				3C61162F28BF8B7300627CC1 /* XCRemoteSwiftPackageReference "OutlineView" */,
			);
			productRefGroup = 3C81E6A5288E777B003B9836 /* Products */;
			projectDirPath = "";
			projectRoot = "";
			targets = (
				3C81E6A3288E777B003B9836 /* Spyglass */,
				3C81E6B4288E777C003B9836 /* SpyglassTests */,
				3C81E6BE288E777C003B9836 /* SpyglassUITests */,
			);
		};
/* End PBXProject section */

/* Begin PBXResourcesBuildPhase section */
		3C81E6A2288E777B003B9836 /* Resources */ = {
			isa = PBXResourcesBuildPhase;
			buildActionMask = 2147483647;
			files = (
				3C81E6AF288E777C003B9836 /* Preview Assets.xcassets in Resources */,
				3C610F3628BF43E800627CC1 /* big_state.json in Resources */,
				3C81E6AC288E777C003B9836 /* Assets.xcassets in Resources */,
			);
			runOnlyForDeploymentPostprocessing = 0;
		};
		3C81E6B3288E777C003B9836 /* Resources */ = {
			isa = PBXResourcesBuildPhase;
			buildActionMask = 2147483647;
			files = (
			);
			runOnlyForDeploymentPostprocessing = 0;
		};
		3C81E6BD288E777C003B9836 /* Resources */ = {
			isa = PBXResourcesBuildPhase;
			buildActionMask = 2147483647;
			files = (
			);
			runOnlyForDeploymentPostprocessing = 0;
		};
/* End PBXResourcesBuildPhase section */

/* Begin PBXSourcesBuildPhase section */
		3C81E6A0288E777B003B9836 /* Sources */ = {
			isa = PBXSourcesBuildPhase;
			buildActionMask = 2147483647;
			files = (
				3C43781028F2FF5F002B0326 /* Network.swift in Sources */,
				3C364C9A291E9ED200F4B749 /* LensError.swift in Sources */,
				3C61163328C0968500627CC1 /* TabCabinetView.swift in Sources */,
				3CD39FAD288EDB5C008A6E7B /* ReduxLensBuilder.swift in Sources */,
				3C610F4328BF54C000627CC1 /* Environment.swift in Sources */,
				3C81E6AA288E777B003B9836 /* ContentView.swift in Sources */,
				3C364C91291E9BD900F4B749 /* Resources.swift in Sources */,
				3C81E6E0288E9F4B003B9836 /* Lens.swift in Sources */,
				3C364C8D291E9AEA00F4B749 /* ToDiff.swift in Sources */,
				3C81E6E4288EA520003B9836 /* WebsocketServer.swift in Sources */,
				3C364C8F291E9B1800F4B749 /* ToRows.swift in Sources */,
				3C61162C28BF6CDC00627CC1 /* TabPageView.swift in Sources */,
				3C81E6A8288E777B003B9836 /* SpyglassApp.swift in Sources */,
				3CE36F9F290AD20A0049E59B /* MacEditorTextView.swift in Sources */,
				3C61162828BF6C5400627CC1 /* TreeView.swift in Sources */,
				3CD39FAF288EDB78008A6E7B /* ReduxLens.swift in Sources */,
				3C43781228F302C3002B0326 /* ViewStore.swift in Sources */,
				3C81E6DE288E9EED003B9836 /* LensBuilder.swift in Sources */,
				3C61163928C0A26F00627CC1 /* SearchField.swift in Sources */,
				3C81E6D4288E9411003B9836 /* LensView.swift in Sources */,
				3C610F4128BF542700627CC1 /* AppState.swift in Sources */,
				3C81E6DC288E9E97003B9836 /* LensLoader.swift in Sources */,
				3C81E6E2288EA42F003B9836 /* Spyglass.swift in Sources */,
				3C61162A28BF6C7600627CC1 /* TextEditorView.swift in Sources */,
				3C364C8A291E921600F4B749 /* ReduxError.swift in Sources */,
				3C610F3D28BF52A200627CC1 /* Reducer.swift in Sources */,
				3C61163528C099CE00627CC1 /* CatalogView.swift in Sources */,
				3C610F3F28BF52DF00627CC1 /* Action.swift in Sources */,
				3CD39FB1288FB25A008A6E7B /* ReduxEvent.swift in Sources */,
				3C61162E28BF7C0400627CC1 /* FakeReducer.swift in Sources */,
				3C61163728C09B2500627CC1 /* ToolKitView.swift in Sources */,
				3C364C97291E9CE200F4B749 /* ToDescriptiveError.swift in Sources */,
				3C610F4528BF5DD200627CC1 /* AppViewState.swift in Sources */,
				3C364C93291E9C2E00F4B749 /* ToPrettyState.swift in Sources */,
				3C610F3528BF43E800627CC1 /* LoadJson.swift in Sources */,
			);
			runOnlyForDeploymentPostprocessing = 0;
		};
		3C81E6B1288E777C003B9836 /* Sources */ = {
			isa = PBXSourcesBuildPhase;
			buildActionMask = 2147483647;
			files = (
				3C81E6BA288E777C003B9836 /* CircularBufferTests.swift in Sources */,
			);
			runOnlyForDeploymentPostprocessing = 0;
		};
		3C81E6BB288E777C003B9836 /* Sources */ = {
			isa = PBXSourcesBuildPhase;
			buildActionMask = 2147483647;
			files = (
				3C81E6C6288E777C003B9836 /* SpyglassUITestsLaunchTests.swift in Sources */,
				3C81E6C4288E777C003B9836 /* SpyglassUITests.swift in Sources */,
			);
			runOnlyForDeploymentPostprocessing = 0;
		};
/* End PBXSourcesBuildPhase section */

/* Begin PBXTargetDependency section */
		3C81E6B7288E777C003B9836 /* PBXTargetDependency */ = {
			isa = PBXTargetDependency;
			target = 3C81E6A3288E777B003B9836 /* Spyglass */;
			targetProxy = 3C81E6B6288E777C003B9836 /* PBXContainerItemProxy */;
		};
		3C81E6C1288E777C003B9836 /* PBXTargetDependency */ = {
			isa = PBXTargetDependency;
			target = 3C81E6A3288E777B003B9836 /* Spyglass */;
			targetProxy = 3C81E6C0288E777C003B9836 /* PBXContainerItemProxy */;
		};
/* End PBXTargetDependency section */

/* Begin XCBuildConfiguration section */
		3C81E6C7288E777C003B9836 /* Debug */ = {
			isa = XCBuildConfiguration;
			buildSettings = {
				ALWAYS_SEARCH_USER_PATHS = NO;
				CLANG_ANALYZER_NONNULL = YES;
				CLANG_ANALYZER_NUMBER_OBJECT_CONVERSION = YES_AGGRESSIVE;
				CLANG_CXX_LANGUAGE_STANDARD = "gnu++17";
				CLANG_CXX_LIBRARY = "libc++";
				CLANG_ENABLE_MODULES = YES;
				CLANG_ENABLE_OBJC_ARC = YES;
				CLANG_ENABLE_OBJC_WEAK = YES;
				CLANG_WARN_BLOCK_CAPTURE_AUTORELEASING = YES;
				CLANG_WARN_BOOL_CONVERSION = YES;
				CLANG_WARN_COMMA = YES;
				CLANG_WARN_CONSTANT_CONVERSION = YES;
				CLANG_WARN_DEPRECATED_OBJC_IMPLEMENTATIONS = YES;
				CLANG_WARN_DIRECT_OBJC_ISA_USAGE = YES_ERROR;
				CLANG_WARN_DOCUMENTATION_COMMENTS = YES;
				CLANG_WARN_EMPTY_BODY = YES;
				CLANG_WARN_ENUM_CONVERSION = YES;
				CLANG_WARN_INFINITE_RECURSION = YES;
				CLANG_WARN_INT_CONVERSION = YES;
				CLANG_WARN_NON_LITERAL_NULL_CONVERSION = YES;
				CLANG_WARN_OBJC_IMPLICIT_RETAIN_SELF = YES;
				CLANG_WARN_OBJC_LITERAL_CONVERSION = YES;
				CLANG_WARN_OBJC_ROOT_CLASS = YES_ERROR;
				CLANG_WARN_QUOTED_INCLUDE_IN_FRAMEWORK_HEADER = YES;
				CLANG_WARN_RANGE_LOOP_ANALYSIS = YES;
				CLANG_WARN_STRICT_PROTOTYPES = YES;
				CLANG_WARN_SUSPICIOUS_MOVE = YES;
				CLANG_WARN_UNGUARDED_AVAILABILITY = YES_AGGRESSIVE;
				CLANG_WARN_UNREACHABLE_CODE = YES;
				CLANG_WARN__DUPLICATE_METHOD_MATCH = YES;
				COPY_PHASE_STRIP = NO;
				DEBUG_INFORMATION_FORMAT = dwarf;
				ENABLE_STRICT_OBJC_MSGSEND = YES;
				ENABLE_TESTABILITY = YES;
				GCC_C_LANGUAGE_STANDARD = gnu11;
				GCC_DYNAMIC_NO_PIC = NO;
				GCC_NO_COMMON_BLOCKS = YES;
				GCC_OPTIMIZATION_LEVEL = 0;
				GCC_PREPROCESSOR_DEFINITIONS = (
					"DEBUG=1",
					"$(inherited)",
				);
				GCC_WARN_64_TO_32_BIT_CONVERSION = YES;
				GCC_WARN_ABOUT_RETURN_TYPE = YES_ERROR;
				GCC_WARN_UNDECLARED_SELECTOR = YES;
				GCC_WARN_UNINITIALIZED_AUTOS = YES_AGGRESSIVE;
				GCC_WARN_UNUSED_FUNCTION = YES;
				GCC_WARN_UNUSED_VARIABLE = YES;
				MACOSX_DEPLOYMENT_TARGET = 12.1;
				MTL_ENABLE_DEBUG_INFO = INCLUDE_SOURCE;
				MTL_FAST_MATH = YES;
				ONLY_ACTIVE_ARCH = YES;
				SDKROOT = macosx;
				SWIFT_ACTIVE_COMPILATION_CONDITIONS = DEBUG;
				SWIFT_OPTIMIZATION_LEVEL = "-Onone";
			};
			name = Debug;
		};
		3C81E6C8288E777C003B9836 /* Release */ = {
			isa = XCBuildConfiguration;
			buildSettings = {
				ALWAYS_SEARCH_USER_PATHS = NO;
				CLANG_ANALYZER_NONNULL = YES;
				CLANG_ANALYZER_NUMBER_OBJECT_CONVERSION = YES_AGGRESSIVE;
				CLANG_CXX_LANGUAGE_STANDARD = "gnu++17";
				CLANG_CXX_LIBRARY = "libc++";
				CLANG_ENABLE_MODULES = YES;
				CLANG_ENABLE_OBJC_ARC = YES;
				CLANG_ENABLE_OBJC_WEAK = YES;
				CLANG_WARN_BLOCK_CAPTURE_AUTORELEASING = YES;
				CLANG_WARN_BOOL_CONVERSION = YES;
				CLANG_WARN_COMMA = YES;
				CLANG_WARN_CONSTANT_CONVERSION = YES;
				CLANG_WARN_DEPRECATED_OBJC_IMPLEMENTATIONS = YES;
				CLANG_WARN_DIRECT_OBJC_ISA_USAGE = YES_ERROR;
				CLANG_WARN_DOCUMENTATION_COMMENTS = YES;
				CLANG_WARN_EMPTY_BODY = YES;
				CLANG_WARN_ENUM_CONVERSION = YES;
				CLANG_WARN_INFINITE_RECURSION = YES;
				CLANG_WARN_INT_CONVERSION = YES;
				CLANG_WARN_NON_LITERAL_NULL_CONVERSION = YES;
				CLANG_WARN_OBJC_IMPLICIT_RETAIN_SELF = YES;
				CLANG_WARN_OBJC_LITERAL_CONVERSION = YES;
				CLANG_WARN_OBJC_ROOT_CLASS = YES_ERROR;
				CLANG_WARN_QUOTED_INCLUDE_IN_FRAMEWORK_HEADER = YES;
				CLANG_WARN_RANGE_LOOP_ANALYSIS = YES;
				CLANG_WARN_STRICT_PROTOTYPES = YES;
				CLANG_WARN_SUSPICIOUS_MOVE = YES;
				CLANG_WARN_UNGUARDED_AVAILABILITY = YES_AGGRESSIVE;
				CLANG_WARN_UNREACHABLE_CODE = YES;
				CLANG_WARN__DUPLICATE_METHOD_MATCH = YES;
				COPY_PHASE_STRIP = NO;
				DEBUG_INFORMATION_FORMAT = "dwarf-with-dsym";
				ENABLE_NS_ASSERTIONS = NO;
				ENABLE_STRICT_OBJC_MSGSEND = YES;
				GCC_C_LANGUAGE_STANDARD = gnu11;
				GCC_NO_COMMON_BLOCKS = YES;
				GCC_WARN_64_TO_32_BIT_CONVERSION = YES;
				GCC_WARN_ABOUT_RETURN_TYPE = YES_ERROR;
				GCC_WARN_UNDECLARED_SELECTOR = YES;
				GCC_WARN_UNINITIALIZED_AUTOS = YES_AGGRESSIVE;
				GCC_WARN_UNUSED_FUNCTION = YES;
				GCC_WARN_UNUSED_VARIABLE = YES;
				MACOSX_DEPLOYMENT_TARGET = 12.1;
				MTL_ENABLE_DEBUG_INFO = NO;
				MTL_FAST_MATH = YES;
				SDKROOT = macosx;
				SWIFT_COMPILATION_MODE = wholemodule;
				SWIFT_OPTIMIZATION_LEVEL = "-O";
			};
			name = Release;
		};
		3C81E6CA288E777C003B9836 /* Debug */ = {
			isa = XCBuildConfiguration;
			buildSettings = {
				ASSETCATALOG_COMPILER_APPICON_NAME = AppIcon;
				ASSETCATALOG_COMPILER_GLOBAL_ACCENT_COLOR_NAME = AccentColor;
				CODE_SIGN_ENTITLEMENTS = Spyglass/Spyglass.entitlements;
				CODE_SIGN_STYLE = Automatic;
				COMBINE_HIDPI_IMAGES = YES;
				CURRENT_PROJECT_VERSION = 1;
				DEVELOPMENT_ASSET_PATHS = "\"Spyglass/Preview Content\"";
				ENABLE_PREVIEWS = YES;
				GENERATE_INFOPLIST_FILE = YES;
				INFOPLIST_KEY_NSHumanReadableCopyright = "";
				LD_RUNPATH_SEARCH_PATHS = (
					"$(inherited)",
					"@executable_path/../Frameworks",
				);
				MARKETING_VERSION = 1.0;
				PRODUCT_BUNDLE_IDENTIFIER = com.agoda.test.test.Spyglass;
				PRODUCT_NAME = "$(TARGET_NAME)";
				SWIFT_EMIT_LOC_STRINGS = YES;
				SWIFT_VERSION = 5.0;
			};
			name = Debug;
		};
		3C81E6CB288E777C003B9836 /* Release */ = {
			isa = XCBuildConfiguration;
			buildSettings = {
				ASSETCATALOG_COMPILER_APPICON_NAME = AppIcon;
				ASSETCATALOG_COMPILER_GLOBAL_ACCENT_COLOR_NAME = AccentColor;
				CODE_SIGN_ENTITLEMENTS = Spyglass/Spyglass.entitlements;
				CODE_SIGN_STYLE = Automatic;
				COMBINE_HIDPI_IMAGES = YES;
				CURRENT_PROJECT_VERSION = 1;
				DEVELOPMENT_ASSET_PATHS = "\"Spyglass/Preview Content\"";
				ENABLE_PREVIEWS = YES;
				GENERATE_INFOPLIST_FILE = YES;
				INFOPLIST_KEY_NSHumanReadableCopyright = "";
				LD_RUNPATH_SEARCH_PATHS = (
					"$(inherited)",
					"@executable_path/../Frameworks",
				);
				MARKETING_VERSION = 1.0;
				PRODUCT_BUNDLE_IDENTIFIER = com.agoda.test.test.Spyglass;
				PRODUCT_NAME = "$(TARGET_NAME)";
				SWIFT_EMIT_LOC_STRINGS = YES;
				SWIFT_VERSION = 5.0;
			};
			name = Release;
		};
		3C81E6CD288E777C003B9836 /* Debug */ = {
			isa = XCBuildConfiguration;
			buildSettings = {
				ALWAYS_EMBED_SWIFT_STANDARD_LIBRARIES = YES;
				BUNDLE_LOADER = "$(TEST_HOST)";
				CODE_SIGN_STYLE = Automatic;
				CURRENT_PROJECT_VERSION = 1;
				GENERATE_INFOPLIST_FILE = YES;
				MACOSX_DEPLOYMENT_TARGET = 12.1;
				MARKETING_VERSION = 1.0;
				PRODUCT_BUNDLE_IDENTIFIER = com.agoda.test.test.SpyglassTests;
				PRODUCT_NAME = "$(TARGET_NAME)";
				SWIFT_EMIT_LOC_STRINGS = NO;
				SWIFT_VERSION = 5.0;
				TEST_HOST = "$(BUILT_PRODUCTS_DIR)/Spyglass.app/Contents/MacOS/Spyglass";
			};
			name = Debug;
		};
		3C81E6CE288E777C003B9836 /* Release */ = {
			isa = XCBuildConfiguration;
			buildSettings = {
				ALWAYS_EMBED_SWIFT_STANDARD_LIBRARIES = YES;
				BUNDLE_LOADER = "$(TEST_HOST)";
				CODE_SIGN_STYLE = Automatic;
				CURRENT_PROJECT_VERSION = 1;
				GENERATE_INFOPLIST_FILE = YES;
				MACOSX_DEPLOYMENT_TARGET = 12.1;
				MARKETING_VERSION = 1.0;
				PRODUCT_BUNDLE_IDENTIFIER = com.agoda.test.test.SpyglassTests;
				PRODUCT_NAME = "$(TARGET_NAME)";
				SWIFT_EMIT_LOC_STRINGS = NO;
				SWIFT_VERSION = 5.0;
				TEST_HOST = "$(BUILT_PRODUCTS_DIR)/Spyglass.app/Contents/MacOS/Spyglass";
			};
			name = Release;
		};
		3C81E6D0288E777C003B9836 /* Debug */ = {
			isa = XCBuildConfiguration;
			buildSettings = {
				ALWAYS_EMBED_SWIFT_STANDARD_LIBRARIES = YES;
				CODE_SIGN_STYLE = Automatic;
				CURRENT_PROJECT_VERSION = 1;
				GENERATE_INFOPLIST_FILE = YES;
				MARKETING_VERSION = 1.0;
				PRODUCT_BUNDLE_IDENTIFIER = com.agoda.test.test.SpyglassUITests;
				PRODUCT_NAME = "$(TARGET_NAME)";
				SWIFT_EMIT_LOC_STRINGS = NO;
				SWIFT_VERSION = 5.0;
				TEST_TARGET_NAME = Spyglass;
			};
			name = Debug;
		};
		3C81E6D1288E777C003B9836 /* Release */ = {
			isa = XCBuildConfiguration;
			buildSettings = {
				ALWAYS_EMBED_SWIFT_STANDARD_LIBRARIES = YES;
				CODE_SIGN_STYLE = Automatic;
				CURRENT_PROJECT_VERSION = 1;
				GENERATE_INFOPLIST_FILE = YES;
				MARKETING_VERSION = 1.0;
				PRODUCT_BUNDLE_IDENTIFIER = com.agoda.test.test.SpyglassUITests;
				PRODUCT_NAME = "$(TARGET_NAME)";
				SWIFT_EMIT_LOC_STRINGS = NO;
				SWIFT_VERSION = 5.0;
				TEST_TARGET_NAME = Spyglass;
			};
			name = Release;
		};
/* End XCBuildConfiguration section */

/* Begin XCConfigurationList section */
		3C81E69F288E777B003B9836 /* Build configuration list for PBXProject "Spyglass" */ = {
			isa = XCConfigurationList;
			buildConfigurations = (
				3C81E6C7288E777C003B9836 /* Debug */,
				3C81E6C8288E777C003B9836 /* Release */,
			);
			defaultConfigurationIsVisible = 0;
			defaultConfigurationName = Release;
		};
		3C81E6C9288E777C003B9836 /* Build configuration list for PBXNativeTarget "Spyglass" */ = {
			isa = XCConfigurationList;
			buildConfigurations = (
				3C81E6CA288E777C003B9836 /* Debug */,
				3C81E6CB288E777C003B9836 /* Release */,
			);
			defaultConfigurationIsVisible = 0;
			defaultConfigurationName = Release;
		};
		3C81E6CC288E777C003B9836 /* Build configuration list for PBXNativeTarget "SpyglassTests" */ = {
			isa = XCConfigurationList;
			buildConfigurations = (
				3C81E6CD288E777C003B9836 /* Debug */,
				3C81E6CE288E777C003B9836 /* Release */,
			);
			defaultConfigurationIsVisible = 0;
			defaultConfigurationName = Release;
		};
		3C81E6CF288E777C003B9836 /* Build configuration list for PBXNativeTarget "SpyglassUITests" */ = {
			isa = XCConfigurationList;
			buildConfigurations = (
				3C81E6D0288E777C003B9836 /* Debug */,
				3C81E6D1288E777C003B9836 /* Release */,
			);
			defaultConfigurationIsVisible = 0;
			defaultConfigurationName = Release;
		};
/* End XCConfigurationList section */

/* Begin XCRemoteSwiftPackageReference section */
		3C610F3728BF4ADA00627CC1 /* XCRemoteSwiftPackageReference "swift-composable-architecture" */ = {
			isa = XCRemoteSwiftPackageReference;
			repositoryURL = "https://github.com/pointfreeco/swift-composable-architecture";
			requirement = {
				kind = upToNextMajorVersion;
				minimumVersion = 0.9.0;
			};
		};
		3C61162F28BF8B7300627CC1 /* XCRemoteSwiftPackageReference "OutlineView" */ = {
			isa = XCRemoteSwiftPackageReference;
			repositoryURL = "https://github.com/Sameesunkaria/OutlineView.git";
			requirement = {
				kind = upToNextMajorVersion;
				minimumVersion = 1.0.0;
			};
		};
		3C81E6D8288E9D2C003B9836 /* XCRemoteSwiftPackageReference "vapor" */ = {
			isa = XCRemoteSwiftPackageReference;
			repositoryURL = "https://github.com/vapor/vapor.git";
			requirement = {
				kind = upToNextMajorVersion;
				minimumVersion = 4.0.0;
			};
		};
		3CD3A02C28910D40008A6E7B /* XCRemoteSwiftPackageReference "swift-custom-dump" */ = {
			isa = XCRemoteSwiftPackageReference;
			repositoryURL = "https://github.com/pointfreeco/swift-custom-dump";
			requirement = {
				kind = upToNextMajorVersion;
				minimumVersion = 0.5.0;
			};
		};
/* End XCRemoteSwiftPackageReference section */

/* Begin XCSwiftPackageProductDependency section */
		3C610F3828BF4ADA00627CC1 /* ComposableArchitecture */ = {
			isa = XCSwiftPackageProductDependency;
			package = 3C610F3728BF4ADA00627CC1 /* XCRemoteSwiftPackageReference "swift-composable-architecture" */;
			productName = ComposableArchitecture;
		};
		3C61163028BF8B7400627CC1 /* OutlineView */ = {
			isa = XCSwiftPackageProductDependency;
			package = 3C61162F28BF8B7300627CC1 /* XCRemoteSwiftPackageReference "OutlineView" */;
			productName = OutlineView;
		};
		3C81E6D9288E9D2C003B9836 /* Vapor */ = {
			isa = XCSwiftPackageProductDependency;
			package = 3C81E6D8288E9D2C003B9836 /* XCRemoteSwiftPackageReference "vapor" */;
			productName = Vapor;
		};
		3CD3A02D28910D40008A6E7B /* CustomDump */ = {
			isa = XCSwiftPackageProductDependency;
			package = 3CD3A02C28910D40008A6E7B /* XCRemoteSwiftPackageReference "swift-custom-dump" */;
			productName = CustomDump;
		};
/* End XCSwiftPackageProductDependency section */
	};
	rootObject = 3C81E69C288E777B003B9836 /* Project object */;
}
