// !$*UTF8*$!
{
	archiveVersion = 1;
	classes = {
	};
	objectVersion = 52;
	objects = {

/* Begin PBXBuildFile section */
		00836D3C85EAB8A5B16188A4 /* ToPrettyState.swift in Sources */ = {isa = PBXBuildFile; fileRef = 3A1B1B58040C0FA63BC94D63 /* ToPrettyState.swift */; };
		0259535D0F31B6E3E1A934FD /* LensBuilder.swift in Sources */ = {isa = PBXBuildFile; fileRef = 592A1C0997744469B48293FF /* LensBuilder.swift */; };
		0391E103C66F08CD8917A32F /* LensLoader.swift in Sources */ = {isa = PBXBuildFile; fileRef = 7D71D1CAA9382378F92B61EF /* LensLoader.swift */; };
		060B92A1B14BEEE132093220 /* ReduxEvent.swift in Sources */ = {isa = PBXBuildFile; fileRef = F6A3D19C1D67030ADB465321 /* ReduxEvent.swift */; };
		0DF48F9E2A2D0DFA9B3B95F2 /* SpyglassApp.swift in Sources */ = {isa = PBXBuildFile; fileRef = ED899CA134981A681D26260B /* SpyglassApp.swift */; };
		1B5475DAD7E73260D272A54F /* WebsocketServer.swift in Sources */ = {isa = PBXBuildFile; fileRef = C58D3DDC1770B52A3D537EC6 /* WebsocketServer.swift */; };
		1BD8DF273C655014F811AA35 /* Lens.swift in Sources */ = {isa = PBXBuildFile; fileRef = E421047267A96AB08B94F0D4 /* Lens.swift */; };
		21C82FE64DA658921C1860BB /* ReduxLensBuilder.swift in Sources */ = {isa = PBXBuildFile; fileRef = D26B721154BADD174C80169A /* ReduxLensBuilder.swift */; };
		22F789D3E3392E8348466A9B /* CircularBufferTests.swift in Sources */ = {isa = PBXBuildFile; fileRef = 73D557831BE70DAA3C5B489C /* CircularBufferTests.swift */; };
		28F5D815657B88CD53C452A4 /* CustomDump in Frameworks */ = {isa = PBXBuildFile; productRef = BFA95B964322BBA8F21A4B1D /* CustomDump */; };
		2AFBA9C9F7BF47A196650A83 /* ReduxError.swift in Sources */ = {isa = PBXBuildFile; fileRef = BBF37280AD4778AA5E0E99B5 /* ReduxError.swift */; };
		32BCC6E20720C18899D87CA2 /* ToolKitView.swift in Sources */ = {isa = PBXBuildFile; fileRef = 6CF35A8BCFED2696BEFC94C5 /* ToolKitView.swift */; };
		337884F6A68A26FFF0A16122 /* LensView.swift in Sources */ = {isa = PBXBuildFile; fileRef = 49E8FE67D749681199984668 /* LensView.swift */; };
		3CE237C3A6EEDED1C73A8293 /* ComposableArchitecture in Frameworks */ = {isa = PBXBuildFile; productRef = BC6F0EA96219971507E8B040 /* ComposableArchitecture */; };
		3D5DADE67AB88A5A693F66A0 /* Action.swift in Sources */ = {isa = PBXBuildFile; fileRef = 0F9F5B2B242D7FBF09E2C7BF /* Action.swift */; };
		4123D35A3893DA79ADB6657A /* Reducer.swift in Sources */ = {isa = PBXBuildFile; fileRef = 36B08F4FA0F15A40F2173961 /* Reducer.swift */; };
		493E1E343E06C9AD83B9BBF5 /* ContentView.swift in Sources */ = {isa = PBXBuildFile; fileRef = B762E5510CEE60C75E43C461 /* ContentView.swift */; };
		4B606110A2D6D6AB414BD3B3 /* FakeReducer.swift in Sources */ = {isa = PBXBuildFile; fileRef = 9C30B4D09BF5CBEEAD3C19BF /* FakeReducer.swift */; };
		5C9B4ED779497C39EFC7093A /* Vapor in Frameworks */ = {isa = PBXBuildFile; productRef = 7DCC7B7793A7EA97B5209EC6 /* Vapor */; };
		65B2731CDECEA8EC65181C6D /* LoadJson.swift in Sources */ = {isa = PBXBuildFile; fileRef = E24A74EC79603A8C34689F11 /* LoadJson.swift */; };
		6623FCA12AC9DBB6B1C060AE /* ToDiff.swift in Sources */ = {isa = PBXBuildFile; fileRef = 03168CFB2CA430BCAA8818CA /* ToDiff.swift */; };
		6B4B986C7EA19ED3BD8E8568 /* Vapor in Frameworks */ = {isa = PBXBuildFile; productRef = E43D27C728442B64A2296D1F /* Vapor */; };
		743657EEE5AF98E6BD73600E /* OutlineView in Frameworks */ = {isa = PBXBuildFile; productRef = B00E8E199D6F801A0D6A728D /* OutlineView */; };
		8C67D81011209E855C9BD9CF /* TabPageView.swift in Sources */ = {isa = PBXBuildFile; fileRef = F72B43C77FEEF9BD75208109 /* TabPageView.swift */; };
		8CB4DCAE5D8DBCB11BAA5698 /* ReduxLens.swift in Sources */ = {isa = PBXBuildFile; fileRef = 1C96F1314DB145770E0B3ACB /* ReduxLens.swift */; };
		8DCBFCC02D4C58B5D7EFBF7D /* Resources.swift in Sources */ = {isa = PBXBuildFile; fileRef = AB32813CF4335FB7AF25C077 /* Resources.swift */; };
		8EC23871766029A735BE2920 /* ToDescriptiveError.swift in Sources */ = {isa = PBXBuildFile; fileRef = 66AC54CFBA25969E321C637F /* ToDescriptiveError.swift */; };
		9492918EE8C6C760E99739CC /* SpyglassUITestsLaunchTests.swift in Sources */ = {isa = PBXBuildFile; fileRef = 3556E6554BF928DD92E474AF /* SpyglassUITestsLaunchTests.swift */; };
		97635CF79459322C53BD5499 /* Environment.swift in Sources */ = {isa = PBXBuildFile; fileRef = 028F6313244C8761E13F5499 /* Environment.swift */; };
		9AF0EAB74DF0571A5754B561 /* ViewStore.swift in Sources */ = {isa = PBXBuildFile; fileRef = C025B51BE6E0C5501A4A9400 /* ViewStore.swift */; };
		9F912348219C93EC9BE00557 /* TextEditorView.swift in Sources */ = {isa = PBXBuildFile; fileRef = 1E663175D76ECB793210C328 /* TextEditorView.swift */; };
		AA5079424870A38CEF580DDC /* TreeView.swift in Sources */ = {isa = PBXBuildFile; fileRef = B5341CED410702EB05A34AE1 /* TreeView.swift */; };
		B07AF91B8B69C1B54F6BFA4A /* ComposableArchitecture in Frameworks */ = {isa = PBXBuildFile; productRef = 0A650C435A1FBF684B34DD7B /* ComposableArchitecture */; };
		B5F5832412257B4E67AB4926 /* SpyglassUITestsLaunchTests.swift in Resources */ = {isa = PBXBuildFile; fileRef = 3556E6554BF928DD92E474AF /* SpyglassUITestsLaunchTests.swift */; };
		B9F1045C1C95F97851994866 /* Vapor in Frameworks */ = {isa = PBXBuildFile; productRef = 8ECE0DF10FE6B6DC7D6E2AE1 /* Vapor */; };
		BDAF58338D757BDCE9D3DD40 /* AppState.swift in Sources */ = {isa = PBXBuildFile; fileRef = 47BBE7B61C4B22761FAF695A /* AppState.swift */; };
		BF6E0C4645228CDE15268299 /* Spyglass.swift in Sources */ = {isa = PBXBuildFile; fileRef = DE88DF3026243AA7ACA44EC2 /* Spyglass.swift */; };
		C052D5DB22DEA3C81B9F5C29 /* ComposableArchitecture in Frameworks */ = {isa = PBXBuildFile; productRef = F1426BEC21FEB7A359D1B7D5 /* ComposableArchitecture */; };
		C23808AD8FB72D9C3A2ADF95 /* CustomDump in Frameworks */ = {isa = PBXBuildFile; productRef = 852DC7AD6934B1E3D392A9DC /* CustomDump */; };
		C48A5A0FF8FDF3F59FE977C4 /* CircularBufferTests.swift in Resources */ = {isa = PBXBuildFile; fileRef = 73D557831BE70DAA3C5B489C /* CircularBufferTests.swift */; };
		CE1E2FA286FDFCEB7D88E803 /* SpyglassUITests.swift in Resources */ = {isa = PBXBuildFile; fileRef = 32595D2EF73627CF015961FB /* SpyglassUITests.swift */; };
		CF62E7E61B556017CC75C596 /* LensError.swift in Sources */ = {isa = PBXBuildFile; fileRef = FA08D68D06D15FD4FB1A7117 /* LensError.swift */; };
		D03BB3E7102E6D92FC481561 /* MacEditorTextView.swift in Sources */ = {isa = PBXBuildFile; fileRef = 0A2EB652127C7386CAACEB4B /* MacEditorTextView.swift */; };
		D0D0B555AE26EF06E8E0B105 /* SpyglassUITests.swift in Sources */ = {isa = PBXBuildFile; fileRef = 32595D2EF73627CF015961FB /* SpyglassUITests.swift */; };
		D574D80D42A88E6810DCAF63 /* TabCabinetView.swift in Sources */ = {isa = PBXBuildFile; fileRef = 4824E2C0959199E9EC8E6773 /* TabCabinetView.swift */; };
		D57A6DF2456373EDAF4FB4F1 /* ToRows.swift in Sources */ = {isa = PBXBuildFile; fileRef = A9AC9355C78A2D2DA108AB9A /* ToRows.swift */; };
		D7412E35F5C8BE8C82DD1717 /* SearchField.swift in Sources */ = {isa = PBXBuildFile; fileRef = BB163C32D45126C38B2F8CC1 /* SearchField.swift */; };
		DAB670294016E6CBEF540DCE /* CustomDump in Frameworks */ = {isa = PBXBuildFile; productRef = 89F9D046BF6242A9232FDE73 /* CustomDump */; };
		EB80334AD920B3E0DE3E8D6D /* Assets.xcassets in Resources */ = {isa = PBXBuildFile; fileRef = 3AAED71BE4EA974A0083841C /* Assets.xcassets */; };
		F220AAD12402F275E9AC866A /* OutlineView in Frameworks */ = {isa = PBXBuildFile; productRef = 52B951F4DC7E693F0BADA503 /* OutlineView */; };
		F3311D0D53A872348AA1E7B9 /* AppViewState.swift in Sources */ = {isa = PBXBuildFile; fileRef = AF2AC948395B1E3F12441B35 /* AppViewState.swift */; };
		F42CD13159105E553BE8A5D9 /* Network.swift in Sources */ = {isa = PBXBuildFile; fileRef = 3A08468B9CD9C10E8D25FA2C /* Network.swift */; };
		FA414FDA864330180FB8B64C /* CatalogView.swift in Sources */ = {isa = PBXBuildFile; fileRef = D93F4527E725EECE03769753 /* CatalogView.swift */; };
		FF9F781BE88E09E129EDA2EE /* OutlineView in Frameworks */ = {isa = PBXBuildFile; productRef = 8905AB9CC4414CB0AD09928E /* OutlineView */; };
/* End PBXBuildFile section */

/* Begin PBXContainerItemProxy section */
		040B87C7635811D01E55B078 /* PBXContainerItemProxy */ = {
			isa = PBXContainerItemProxy;
			containerPortal = 6CAF3A274287C2AC0BC70165 /* Project object */;
			proxyType = 1;
			remoteGlobalIDString = 4318E7F1A16C804427F016D8;
			remoteInfo = Spyglass;
		};
		6F42F19F5864FEED35F65B66 /* PBXContainerItemProxy */ = {
			isa = PBXContainerItemProxy;
			containerPortal = 6CAF3A274287C2AC0BC70165 /* Project object */;
			proxyType = 1;
			remoteGlobalIDString = 4318E7F1A16C804427F016D8;
			remoteInfo = Spyglass;
		};
/* End PBXContainerItemProxy section */

/* Begin PBXCopyFilesBuildPhase section */
		B163D8A9E4DE95F3AE7A2BA4 /* Embed Frameworks */ = {
			isa = PBXCopyFilesBuildPhase;
			buildActionMask = 2147483647;
			dstPath = "";
			dstSubfolderSpec = 10;
			files = (
			);
			name = "Embed Frameworks";
			runOnlyForDeploymentPostprocessing = 0;
		};
		DACDECB2334E4FC07CB14468 /* Embed Frameworks */ = {
			isa = PBXCopyFilesBuildPhase;
			buildActionMask = 2147483647;
			dstPath = "";
			dstSubfolderSpec = 10;
			files = (
			);
			name = "Embed Frameworks";
			runOnlyForDeploymentPostprocessing = 0;
		};
		E45482F37BE18320E21642C7 /* Embed Frameworks */ = {
			isa = PBXCopyFilesBuildPhase;
			buildActionMask = 2147483647;
			dstPath = "";
			dstSubfolderSpec = 10;
			files = (
			);
			name = "Embed Frameworks";
			runOnlyForDeploymentPostprocessing = 0;
		};
/* End PBXCopyFilesBuildPhase section */

/* Begin PBXFileReference section */
		028F6313244C8761E13F5499 /* Environment.swift */ = {isa = PBXFileReference; lastKnownFileType = sourcecode.swift; path = Environment.swift; sourceTree = "<group>"; };
		03168CFB2CA430BCAA8818CA /* ToDiff.swift */ = {isa = PBXFileReference; lastKnownFileType = sourcecode.swift; path = ToDiff.swift; sourceTree = "<group>"; };
		0A2EB652127C7386CAACEB4B /* MacEditorTextView.swift */ = {isa = PBXFileReference; lastKnownFileType = sourcecode.swift; path = MacEditorTextView.swift; sourceTree = "<group>"; };
		0F9F5B2B242D7FBF09E2C7BF /* Action.swift */ = {isa = PBXFileReference; lastKnownFileType = sourcecode.swift; path = Action.swift; sourceTree = "<group>"; };
		1AC450395B1030673DEEEF20 /* Spyglass.app */ = {isa = PBXFileReference; explicitFileType = wrapper.application; includeInIndex = 0; path = Spyglass.app; sourceTree = BUILT_PRODUCTS_DIR; };
		1C96F1314DB145770E0B3ACB /* ReduxLens.swift */ = {isa = PBXFileReference; lastKnownFileType = sourcecode.swift; path = ReduxLens.swift; sourceTree = "<group>"; };
		1E663175D76ECB793210C328 /* TextEditorView.swift */ = {isa = PBXFileReference; lastKnownFileType = sourcecode.swift; path = TextEditorView.swift; sourceTree = "<group>"; };
		22EA2422EBE0ABBD9280CD46 /* SpyglassTests.xctest */ = {isa = PBXFileReference; explicitFileType = wrapper.cfbundle; includeInIndex = 0; path = SpyglassTests.xctest; sourceTree = BUILT_PRODUCTS_DIR; };
		315ECF5AD5776F4DE36BFF20 /* Spyglass.xcconfig */ = {isa = PBXFileReference; lastKnownFileType = text.xcconfig; path = Spyglass.xcconfig; sourceTree = "<group>"; };
		32595D2EF73627CF015961FB /* SpyglassUITests.swift */ = {isa = PBXFileReference; lastKnownFileType = sourcecode.swift; path = SpyglassUITests.swift; sourceTree = "<group>"; };
		3556E6554BF928DD92E474AF /* SpyglassUITestsLaunchTests.swift */ = {isa = PBXFileReference; lastKnownFileType = sourcecode.swift; path = SpyglassUITestsLaunchTests.swift; sourceTree = "<group>"; };
		36B08F4FA0F15A40F2173961 /* Reducer.swift */ = {isa = PBXFileReference; lastKnownFileType = sourcecode.swift; path = Reducer.swift; sourceTree = "<group>"; };
		3A08468B9CD9C10E8D25FA2C /* Network.swift */ = {isa = PBXFileReference; lastKnownFileType = sourcecode.swift; path = Network.swift; sourceTree = "<group>"; };
		3A1B1B58040C0FA63BC94D63 /* ToPrettyState.swift */ = {isa = PBXFileReference; lastKnownFileType = sourcecode.swift; path = ToPrettyState.swift; sourceTree = "<group>"; };
		3AAED71BE4EA974A0083841C /* Assets.xcassets */ = {isa = PBXFileReference; lastKnownFileType = folder.assetcatalog; path = Assets.xcassets; sourceTree = "<group>"; };
		41C0E44716B33C3345586CB6 /* SpyglassUITests.xctest */ = {isa = PBXFileReference; explicitFileType = wrapper.cfbundle; includeInIndex = 0; path = SpyglassUITests.xctest; sourceTree = BUILT_PRODUCTS_DIR; };
		47BBE7B61C4B22761FAF695A /* AppState.swift */ = {isa = PBXFileReference; lastKnownFileType = sourcecode.swift; path = AppState.swift; sourceTree = "<group>"; };
		4824E2C0959199E9EC8E6773 /* TabCabinetView.swift */ = {isa = PBXFileReference; lastKnownFileType = sourcecode.swift; path = TabCabinetView.swift; sourceTree = "<group>"; };
		49E8FE67D749681199984668 /* LensView.swift */ = {isa = PBXFileReference; lastKnownFileType = sourcecode.swift; path = LensView.swift; sourceTree = "<group>"; };
		592A1C0997744469B48293FF /* LensBuilder.swift */ = {isa = PBXFileReference; lastKnownFileType = sourcecode.swift; path = LensBuilder.swift; sourceTree = "<group>"; };
		5F1D579DF37297FDB664F594 /* SpyglassTests.xcconfig */ = {isa = PBXFileReference; lastKnownFileType = text.xcconfig; path = SpyglassTests.xcconfig; sourceTree = "<group>"; };
		66AC54CFBA25969E321C637F /* ToDescriptiveError.swift */ = {isa = PBXFileReference; lastKnownFileType = sourcecode.swift; path = ToDescriptiveError.swift; sourceTree = "<group>"; };
		66D49C2DF8AAB50C9F253404 /* SpyglassProject.xcconfig */ = {isa = PBXFileReference; lastKnownFileType = text.xcconfig; path = SpyglassProject.xcconfig; sourceTree = "<group>"; };
		6CF35A8BCFED2696BEFC94C5 /* ToolKitView.swift */ = {isa = PBXFileReference; lastKnownFileType = sourcecode.swift; path = ToolKitView.swift; sourceTree = "<group>"; };
		73D557831BE70DAA3C5B489C /* CircularBufferTests.swift */ = {isa = PBXFileReference; lastKnownFileType = sourcecode.swift; path = CircularBufferTests.swift; sourceTree = "<group>"; };
		74F18F3E112EBAF3DAD1744B /* Spyglass-Info.plist */ = {isa = PBXFileReference; lastKnownFileType = text.plist; path = "Spyglass-Info.plist"; sourceTree = "<group>"; };
		7D71D1CAA9382378F92B61EF /* LensLoader.swift */ = {isa = PBXFileReference; lastKnownFileType = sourcecode.swift; path = LensLoader.swift; sourceTree = "<group>"; };
		8215C65436560B3494E550D9 /* SpyglassTests-Info.plist */ = {isa = PBXFileReference; lastKnownFileType = text.plist; path = "SpyglassTests-Info.plist"; sourceTree = "<group>"; };
		9C30B4D09BF5CBEEAD3C19BF /* FakeReducer.swift */ = {isa = PBXFileReference; lastKnownFileType = sourcecode.swift; path = FakeReducer.swift; sourceTree = "<group>"; };
		A9AC9355C78A2D2DA108AB9A /* ToRows.swift */ = {isa = PBXFileReference; lastKnownFileType = sourcecode.swift; path = ToRows.swift; sourceTree = "<group>"; };
		AB32813CF4335FB7AF25C077 /* Resources.swift */ = {isa = PBXFileReference; lastKnownFileType = sourcecode.swift; path = Resources.swift; sourceTree = "<group>"; };
		AF2AC948395B1E3F12441B35 /* AppViewState.swift */ = {isa = PBXFileReference; lastKnownFileType = sourcecode.swift; path = AppViewState.swift; sourceTree = "<group>"; };
		B0E92C4E470901E5C13C0103 /* SpyglassUITests.xcconfig */ = {isa = PBXFileReference; lastKnownFileType = text.xcconfig; path = SpyglassUITests.xcconfig; sourceTree = "<group>"; };
		B5341CED410702EB05A34AE1 /* TreeView.swift */ = {isa = PBXFileReference; lastKnownFileType = sourcecode.swift; path = TreeView.swift; sourceTree = "<group>"; };
		B762E5510CEE60C75E43C461 /* ContentView.swift */ = {isa = PBXFileReference; lastKnownFileType = sourcecode.swift; path = ContentView.swift; sourceTree = "<group>"; };
		BB163C32D45126C38B2F8CC1 /* SearchField.swift */ = {isa = PBXFileReference; lastKnownFileType = sourcecode.swift; path = SearchField.swift; sourceTree = "<group>"; };
		BBF37280AD4778AA5E0E99B5 /* ReduxError.swift */ = {isa = PBXFileReference; lastKnownFileType = sourcecode.swift; path = ReduxError.swift; sourceTree = "<group>"; };
		C025B51BE6E0C5501A4A9400 /* ViewStore.swift */ = {isa = PBXFileReference; lastKnownFileType = sourcecode.swift; path = ViewStore.swift; sourceTree = "<group>"; };
		C58D3DDC1770B52A3D537EC6 /* WebsocketServer.swift */ = {isa = PBXFileReference; lastKnownFileType = sourcecode.swift; path = WebsocketServer.swift; sourceTree = "<group>"; };
		CAC2E855053E763DAD53638C /* SpyglassUITests-Info.plist */ = {isa = PBXFileReference; lastKnownFileType = text.plist; path = "SpyglassUITests-Info.plist"; sourceTree = "<group>"; };
		D26B721154BADD174C80169A /* ReduxLensBuilder.swift */ = {isa = PBXFileReference; lastKnownFileType = sourcecode.swift; path = ReduxLensBuilder.swift; sourceTree = "<group>"; };
		D93F4527E725EECE03769753 /* CatalogView.swift */ = {isa = PBXFileReference; lastKnownFileType = sourcecode.swift; path = CatalogView.swift; sourceTree = "<group>"; };
		DE88DF3026243AA7ACA44EC2 /* Spyglass.swift */ = {isa = PBXFileReference; lastKnownFileType = sourcecode.swift; path = Spyglass.swift; sourceTree = "<group>"; };
		E24A74EC79603A8C34689F11 /* LoadJson.swift */ = {isa = PBXFileReference; lastKnownFileType = sourcecode.swift; path = LoadJson.swift; sourceTree = "<group>"; };
		E421047267A96AB08B94F0D4 /* Lens.swift */ = {isa = PBXFileReference; lastKnownFileType = sourcecode.swift; path = Lens.swift; sourceTree = "<group>"; };
		ED899CA134981A681D26260B /* SpyglassApp.swift */ = {isa = PBXFileReference; lastKnownFileType = sourcecode.swift; path = SpyglassApp.swift; sourceTree = "<group>"; };
		F6A3D19C1D67030ADB465321 /* ReduxEvent.swift */ = {isa = PBXFileReference; lastKnownFileType = sourcecode.swift; path = ReduxEvent.swift; sourceTree = "<group>"; };
		F72B43C77FEEF9BD75208109 /* TabPageView.swift */ = {isa = PBXFileReference; lastKnownFileType = sourcecode.swift; path = TabPageView.swift; sourceTree = "<group>"; };
		FA08D68D06D15FD4FB1A7117 /* LensError.swift */ = {isa = PBXFileReference; lastKnownFileType = sourcecode.swift; path = LensError.swift; sourceTree = "<group>"; };
/* End PBXFileReference section */

/* Begin PBXFrameworksBuildPhase section */
		380C1CF278EE444DC87C8C01 /* Frameworks */ = {
			isa = PBXFrameworksBuildPhase;
			buildActionMask = 2147483647;
			files = (
				B9F1045C1C95F97851994866 /* Vapor in Frameworks */,
				C23808AD8FB72D9C3A2ADF95 /* CustomDump in Frameworks */,
				3CE237C3A6EEDED1C73A8293 /* ComposableArchitecture in Frameworks */,
				F220AAD12402F275E9AC866A /* OutlineView in Frameworks */,
			);
			runOnlyForDeploymentPostprocessing = 0;
		};
		A8168A4C54356AAA86E59D8D /* Frameworks */ = {
			isa = PBXFrameworksBuildPhase;
			buildActionMask = 2147483647;
			files = (
				5C9B4ED779497C39EFC7093A /* Vapor in Frameworks */,
				DAB670294016E6CBEF540DCE /* CustomDump in Frameworks */,
				B07AF91B8B69C1B54F6BFA4A /* ComposableArchitecture in Frameworks */,
				FF9F781BE88E09E129EDA2EE /* OutlineView in Frameworks */,
			);
			runOnlyForDeploymentPostprocessing = 0;
		};
		BEB7D88160B31D9B14BBAFF6 /* Frameworks */ = {
			isa = PBXFrameworksBuildPhase;
			buildActionMask = 2147483647;
			files = (
				6B4B986C7EA19ED3BD8E8568 /* Vapor in Frameworks */,
				28F5D815657B88CD53C452A4 /* CustomDump in Frameworks */,
				C052D5DB22DEA3C81B9F5C29 /* ComposableArchitecture in Frameworks */,
				743657EEE5AF98E6BD73600E /* OutlineView in Frameworks */,
			);
			runOnlyForDeploymentPostprocessing = 0;
		};
/* End PBXFrameworksBuildPhase section */

/* Begin PBXGroup section */
		00D0666F411E968E68FAB8A6 /* Conversion */ = {
			isa = PBXGroup;
			children = (
				66AC54CFBA25969E321C637F /* ToDescriptiveError.swift */,
				03168CFB2CA430BCAA8818CA /* ToDiff.swift */,
				3A1B1B58040C0FA63BC94D63 /* ToPrettyState.swift */,
				A9AC9355C78A2D2DA108AB9A /* ToRows.swift */,
			);
			path = Conversion;
			sourceTree = "<group>";
		};
		01BC67923EB7B2C6C67ED06A /* SpyglassUITests */ = {
			isa = PBXGroup;
			children = (
				32595D2EF73627CF015961FB /* SpyglassUITests.swift */,
				3556E6554BF928DD92E474AF /* SpyglassUITestsLaunchTests.swift */,
			);
			path = SpyglassUITests;
			sourceTree = "<group>";
		};
		20952DE991ECFD7253BD2F32 /* Frameworks */ = {
			isa = PBXGroup;
			children = (
			);
			name = Frameworks;
			sourceTree = "<group>";
		};
		2B5AE39530EC683587F7526C /* Spyglass */ = {
			isa = PBXGroup;
			children = (
				A1578A8E1363CBC395F0276D /* View */,
				7D71D1CAA9382378F92B61EF /* LensLoader.swift */,
				3A08468B9CD9C10E8D25FA2C /* Network.swift */,
				DE88DF3026243AA7ACA44EC2 /* Spyglass.swift */,
				ED899CA134981A681D26260B /* SpyglassApp.swift */,
				C025B51BE6E0C5501A4A9400 /* ViewStore.swift */,
				C58D3DDC1770B52A3D537EC6 /* WebsocketServer.swift */,
			);
			path = Spyglass;
			sourceTree = "<group>";
		};
		4CDB634EC746A0A61E5BD25A /* InfoPlists */ = {
			isa = PBXGroup;
			children = (
				74F18F3E112EBAF3DAD1744B /* Spyglass-Info.plist */,
				8215C65436560B3494E550D9 /* SpyglassTests-Info.plist */,
				CAC2E855053E763DAD53638C /* SpyglassUITests-Info.plist */,
			);
			path = InfoPlists;
			sourceTree = "<group>";
		};
		65DBDA645637E0CEEA0ADC79 /* State */ = {
			isa = PBXGroup;
			children = (
				47BBE7B61C4B22761FAF695A /* AppState.swift */,
				BBF37280AD4778AA5E0E99B5 /* ReduxError.swift */,
				F6A3D19C1D67030ADB465321 /* ReduxEvent.swift */,
			);
			path = State;
			sourceTree = "<group>";
		};
		6E8155336D7207FFDBFC8F11 /* LensInterface */ = {
			isa = PBXGroup;
			children = (
				E421047267A96AB08B94F0D4 /* Lens.swift */,
				592A1C0997744469B48293FF /* LensBuilder.swift */,
				FA08D68D06D15FD4FB1A7117 /* LensError.swift */,
				49E8FE67D749681199984668 /* LensView.swift */,
			);
			path = LensInterface;
			sourceTree = "<group>";
		};
		780ABA52C763F4480E889EF3 /* Fake */ = {
			isa = PBXGroup;
			children = (
				9C30B4D09BF5CBEEAD3C19BF /* FakeReducer.swift */,
				E24A74EC79603A8C34689F11 /* LoadJson.swift */,
			);
			path = Fake;
			sourceTree = "<group>";
		};
		846FE130A67E21E55B3E5E2F = {
			isa = PBXGroup;
			children = (
				E605B3DA0936581857397389 /* Project */,
				20952DE991ECFD7253BD2F32 /* Frameworks */,
				EDD283327F17F46E48E4EA02 /* Products */,
			);
			sourceTree = "<group>";
		};
		88A3E0436F40FD00949AD36A /* MacEditorTextView */ = {
			isa = PBXGroup;
			children = (
				0A2EB652127C7386CAACEB4B /* MacEditorTextView.swift */,
			);
			path = MacEditorTextView;
			sourceTree = "<group>";
		};
		A1578A8E1363CBC395F0276D /* View */ = {
			isa = PBXGroup;
			children = (
				88A3E0436F40FD00949AD36A /* MacEditorTextView */,
				D93F4527E725EECE03769753 /* CatalogView.swift */,
				B762E5510CEE60C75E43C461 /* ContentView.swift */,
				BB163C32D45126C38B2F8CC1 /* SearchField.swift */,
				4824E2C0959199E9EC8E6773 /* TabCabinetView.swift */,
				F72B43C77FEEF9BD75208109 /* TabPageView.swift */,
				1E663175D76ECB793210C328 /* TextEditorView.swift */,
				6CF35A8BCFED2696BEFC94C5 /* ToolKitView.swift */,
				B5341CED410702EB05A34AE1 /* TreeView.swift */,
			);
			path = View;
			sourceTree = "<group>";
		};
		A83313F93E25DC2C57117610 /* ViewState */ = {
			isa = PBXGroup;
			children = (
				00D0666F411E968E68FAB8A6 /* Conversion */,
				AF2AC948395B1E3F12441B35 /* AppViewState.swift */,
				AB32813CF4335FB7AF25C077 /* Resources.swift */,
			);
			path = ViewState;
			sourceTree = "<group>";
		};
		C09E89DA40A054A31B1AA3D8 /* Config */ = {
			isa = PBXGroup;
			children = (
				315ECF5AD5776F4DE36BFF20 /* Spyglass.xcconfig */,
				66D49C2DF8AAB50C9F253404 /* SpyglassProject.xcconfig */,
				5F1D579DF37297FDB664F594 /* SpyglassTests.xcconfig */,
				B0E92C4E470901E5C13C0103 /* SpyglassUITests.xcconfig */,
			);
			path = Config;
			sourceTree = "<group>";
		};
		C6552D5C7E3281DC8657DCB5 /* Derived */ = {
			isa = PBXGroup;
			children = (
				4CDB634EC746A0A61E5BD25A /* InfoPlists */,
			);
			path = Derived;
			sourceTree = "<group>";
		};
		E498210D225E28A994BB6D9F /* ReduxLens */ = {
			isa = PBXGroup;
			children = (
				780ABA52C763F4480E889EF3 /* Fake */,
				E91FE6853B9CAF8C95A3C8D8 /* TCA */,
				1C96F1314DB145770E0B3ACB /* ReduxLens.swift */,
				D26B721154BADD174C80169A /* ReduxLensBuilder.swift */,
			);
			path = ReduxLens;
			sourceTree = "<group>";
		};
		E5291B04EF5A2464C9996937 /* SpyglassTests */ = {
			isa = PBXGroup;
			children = (
				73D557831BE70DAA3C5B489C /* CircularBufferTests.swift */,
			);
			path = SpyglassTests;
			sourceTree = "<group>";
		};
		E605B3DA0936581857397389 /* Project */ = {
			isa = PBXGroup;
			children = (
				C09E89DA40A054A31B1AA3D8 /* Config */,
				C6552D5C7E3281DC8657DCB5 /* Derived */,
				EC2A7358A1DE070E4B5A0074 /* Source */,
				E5291B04EF5A2464C9996937 /* SpyglassTests */,
				01BC67923EB7B2C6C67ED06A /* SpyglassUITests */,
			);
			name = Project;
			sourceTree = "<group>";
		};
		E91FE6853B9CAF8C95A3C8D8 /* TCA */ = {
			isa = PBXGroup;
			children = (
				65DBDA645637E0CEEA0ADC79 /* State */,
				A83313F93E25DC2C57117610 /* ViewState */,
				0F9F5B2B242D7FBF09E2C7BF /* Action.swift */,
				028F6313244C8761E13F5499 /* Environment.swift */,
				36B08F4FA0F15A40F2173961 /* Reducer.swift */,
			);
			path = TCA;
			sourceTree = "<group>";
		};
		EC2A7358A1DE070E4B5A0074 /* Source */ = {
			isa = PBXGroup;
			children = (
				6E8155336D7207FFDBFC8F11 /* LensInterface */,
				E498210D225E28A994BB6D9F /* ReduxLens */,
				EE50054C4BC3CD4F051ACE07 /* Resources */,
				2B5AE39530EC683587F7526C /* Spyglass */,
			);
			path = Source;
			sourceTree = "<group>";
		};
		EDD283327F17F46E48E4EA02 /* Products */ = {
			isa = PBXGroup;
			children = (
				1AC450395B1030673DEEEF20 /* Spyglass.app */,
				22EA2422EBE0ABBD9280CD46 /* SpyglassTests.xctest */,
				41C0E44716B33C3345586CB6 /* SpyglassUITests.xctest */,
			);
			name = Products;
			sourceTree = "<group>";
		};
		EE50054C4BC3CD4F051ACE07 /* Resources */ = {
			isa = PBXGroup;
			children = (
				3AAED71BE4EA974A0083841C /* Assets.xcassets */,
			);
			path = Resources;
			sourceTree = "<group>";
		};
/* End PBXGroup section */

/* Begin PBXNativeTarget section */
		4318E7F1A16C804427F016D8 /* Spyglass */ = {
			isa = PBXNativeTarget;
			buildConfigurationList = 1B15C1043BDC07BDF80A3DFE /* Build configuration list for PBXNativeTarget "Spyglass" */;
			buildPhases = (
				5D5B8C49B834685BCDE5E1D0 /* Sources */,
				1263DEFED5D01BC8C4FBA9D7 /* Resources */,
				B163D8A9E4DE95F3AE7A2BA4 /* Embed Frameworks */,
				380C1CF278EE444DC87C8C01 /* Frameworks */,
			);
			buildRules = (
			);
			dependencies = (
			);
			name = Spyglass;
			packageProductDependencies = (
				8ECE0DF10FE6B6DC7D6E2AE1 /* Vapor */,
				852DC7AD6934B1E3D392A9DC /* CustomDump */,
				BC6F0EA96219971507E8B040 /* ComposableArchitecture */,
				52B951F4DC7E693F0BADA503 /* OutlineView */,
			);
			productName = Spyglass;
			productReference = 1AC450395B1030673DEEEF20 /* Spyglass.app */;
			productType = "com.apple.product-type.application";
		};
		8D9482C5732F28C81561802C /* SpyglassTests */ = {
			isa = PBXNativeTarget;
			buildConfigurationList = 08A4A163B8FEE5A414E5D043 /* Build configuration list for PBXNativeTarget "SpyglassTests" */;
			buildPhases = (
				C967547F3132F3555E7C6A33 /* Sources */,
				6B97F1641383509F686BF03C /* Resources */,
				DACDECB2334E4FC07CB14468 /* Embed Frameworks */,
				A8168A4C54356AAA86E59D8D /* Frameworks */,
			);
			buildRules = (
			);
			dependencies = (
				9A701202B78E03EFC70395DD /* PBXTargetDependency */,
			);
			name = SpyglassTests;
			packageProductDependencies = (
				7DCC7B7793A7EA97B5209EC6 /* Vapor */,
				89F9D046BF6242A9232FDE73 /* CustomDump */,
				0A650C435A1FBF684B34DD7B /* ComposableArchitecture */,
				8905AB9CC4414CB0AD09928E /* OutlineView */,
			);
			productName = SpyglassTests;
			productReference = 22EA2422EBE0ABBD9280CD46 /* SpyglassTests.xctest */;
			productType = "com.apple.product-type.bundle.unit-test";
		};
		E78CD8E9C132D1DD4DEA7497 /* SpyglassUITests */ = {
			isa = PBXNativeTarget;
			buildConfigurationList = 677F0869DE2F8E8F27ACBD62 /* Build configuration list for PBXNativeTarget "SpyglassUITests" */;
			buildPhases = (
				18F9D849031F7381E76D7FAD /* Sources */,
				9E323EA5921303864E155F5E /* Resources */,
				E45482F37BE18320E21642C7 /* Embed Frameworks */,
				BEB7D88160B31D9B14BBAFF6 /* Frameworks */,
			);
			buildRules = (
			);
			dependencies = (
				29E10B4BBC639A6373941C06 /* PBXTargetDependency */,
			);
			name = SpyglassUITests;
			packageProductDependencies = (
				E43D27C728442B64A2296D1F /* Vapor */,
				BFA95B964322BBA8F21A4B1D /* CustomDump */,
				F1426BEC21FEB7A359D1B7D5 /* ComposableArchitecture */,
				B00E8E199D6F801A0D6A728D /* OutlineView */,
			);
			productName = SpyglassUITests;
			productReference = 41C0E44716B33C3345586CB6 /* SpyglassUITests.xctest */;
			productType = "com.apple.product-type.bundle.ui-testing";
		};
/* End PBXNativeTarget section */

/* Begin PBXProject section */
		6CAF3A274287C2AC0BC70165 /* Project object */ = {
			isa = PBXProject;
			attributes = {
				TargetAttributes = {
					8D9482C5732F28C81561802C = {
						TestTargetID = 4318E7F1A16C804427F016D8;
					};
					E78CD8E9C132D1DD4DEA7497 = {
						TestTargetID = 4318E7F1A16C804427F016D8;
					};
				};
			};
			buildConfigurationList = C59699E1AEE8D6C24462FD4F /* Build configuration list for PBXProject "Spyglass" */;
			compatibilityVersion = "Xcode 13.0";
			developmentRegion = en;
			hasScannedForEncodings = 0;
			knownRegions = (
				Base,
				en,
			);
			mainGroup = 846FE130A67E21E55B3E5E2F;
			packageReferences = (
				E4FCB1A42892990646506B5C /* XCRemoteSwiftPackageReference "OutlineView" */,
				631737C53009E529F9898A66 /* XCRemoteSwiftPackageReference "swift-composable-architecture" */,
				D0873D9FE706217768273ADF /* XCRemoteSwiftPackageReference "swift-custom-dump" */,
				B09F77B7C65B636CAFF8C3BC /* XCRemoteSwiftPackageReference "vapor" */,
			);
			productRefGroup = EDD283327F17F46E48E4EA02 /* Products */;
			projectDirPath = "";
			projectRoot = "";
			targets = (
				4318E7F1A16C804427F016D8 /* Spyglass */,
				8D9482C5732F28C81561802C /* SpyglassTests */,
				E78CD8E9C132D1DD4DEA7497 /* SpyglassUITests */,
			);
		};
/* End PBXProject section */

/* Begin PBXResourcesBuildPhase section */
		1263DEFED5D01BC8C4FBA9D7 /* Resources */ = {
			isa = PBXResourcesBuildPhase;
			buildActionMask = 2147483647;
			files = (
				EB80334AD920B3E0DE3E8D6D /* Assets.xcassets in Resources */,
			);
			runOnlyForDeploymentPostprocessing = 0;
		};
		6B97F1641383509F686BF03C /* Resources */ = {
			isa = PBXResourcesBuildPhase;
			buildActionMask = 2147483647;
			files = (
				C48A5A0FF8FDF3F59FE977C4 /* CircularBufferTests.swift in Resources */,
			);
			runOnlyForDeploymentPostprocessing = 0;
		};
		9E323EA5921303864E155F5E /* Resources */ = {
			isa = PBXResourcesBuildPhase;
			buildActionMask = 2147483647;
			files = (
				CE1E2FA286FDFCEB7D88E803 /* SpyglassUITests.swift in Resources */,
				B5F5832412257B4E67AB4926 /* SpyglassUITestsLaunchTests.swift in Resources */,
			);
			runOnlyForDeploymentPostprocessing = 0;
		};
/* End PBXResourcesBuildPhase section */

/* Begin PBXSourcesBuildPhase section */
		18F9D849031F7381E76D7FAD /* Sources */ = {
			isa = PBXSourcesBuildPhase;
			buildActionMask = 2147483647;
			files = (
				D0D0B555AE26EF06E8E0B105 /* SpyglassUITests.swift in Sources */,
				9492918EE8C6C760E99739CC /* SpyglassUITestsLaunchTests.swift in Sources */,
			);
			runOnlyForDeploymentPostprocessing = 0;
		};
		5D5B8C49B834685BCDE5E1D0 /* Sources */ = {
			isa = PBXSourcesBuildPhase;
			buildActionMask = 2147483647;
			files = (
				1BD8DF273C655014F811AA35 /* Lens.swift in Sources */,
				0259535D0F31B6E3E1A934FD /* LensBuilder.swift in Sources */,
				CF62E7E61B556017CC75C596 /* LensError.swift in Sources */,
				337884F6A68A26FFF0A16122 /* LensView.swift in Sources */,
				4B606110A2D6D6AB414BD3B3 /* FakeReducer.swift in Sources */,
				65B2731CDECEA8EC65181C6D /* LoadJson.swift in Sources */,
				8CB4DCAE5D8DBCB11BAA5698 /* ReduxLens.swift in Sources */,
				21C82FE64DA658921C1860BB /* ReduxLensBuilder.swift in Sources */,
				3D5DADE67AB88A5A693F66A0 /* Action.swift in Sources */,
				97635CF79459322C53BD5499 /* Environment.swift in Sources */,
				4123D35A3893DA79ADB6657A /* Reducer.swift in Sources */,
				BDAF58338D757BDCE9D3DD40 /* AppState.swift in Sources */,
				2AFBA9C9F7BF47A196650A83 /* ReduxError.swift in Sources */,
				060B92A1B14BEEE132093220 /* ReduxEvent.swift in Sources */,
				F3311D0D53A872348AA1E7B9 /* AppViewState.swift in Sources */,
				8EC23871766029A735BE2920 /* ToDescriptiveError.swift in Sources */,
				6623FCA12AC9DBB6B1C060AE /* ToDiff.swift in Sources */,
				00836D3C85EAB8A5B16188A4 /* ToPrettyState.swift in Sources */,
				D57A6DF2456373EDAF4FB4F1 /* ToRows.swift in Sources */,
				8DCBFCC02D4C58B5D7EFBF7D /* Resources.swift in Sources */,
				0391E103C66F08CD8917A32F /* LensLoader.swift in Sources */,
				F42CD13159105E553BE8A5D9 /* Network.swift in Sources */,
				BF6E0C4645228CDE15268299 /* Spyglass.swift in Sources */,
				0DF48F9E2A2D0DFA9B3B95F2 /* SpyglassApp.swift in Sources */,
				FA414FDA864330180FB8B64C /* CatalogView.swift in Sources */,
				493E1E343E06C9AD83B9BBF5 /* ContentView.swift in Sources */,
				D03BB3E7102E6D92FC481561 /* MacEditorTextView.swift in Sources */,
				D7412E35F5C8BE8C82DD1717 /* SearchField.swift in Sources */,
				D574D80D42A88E6810DCAF63 /* TabCabinetView.swift in Sources */,
				8C67D81011209E855C9BD9CF /* TabPageView.swift in Sources */,
				9F912348219C93EC9BE00557 /* TextEditorView.swift in Sources */,
				32BCC6E20720C18899D87CA2 /* ToolKitView.swift in Sources */,
				AA5079424870A38CEF580DDC /* TreeView.swift in Sources */,
				9AF0EAB74DF0571A5754B561 /* ViewStore.swift in Sources */,
				1B5475DAD7E73260D272A54F /* WebsocketServer.swift in Sources */,
			);
			runOnlyForDeploymentPostprocessing = 0;
		};
		C967547F3132F3555E7C6A33 /* Sources */ = {
			isa = PBXSourcesBuildPhase;
			buildActionMask = 2147483647;
			files = (
				22F789D3E3392E8348466A9B /* CircularBufferTests.swift in Sources */,
			);
			runOnlyForDeploymentPostprocessing = 0;
		};
/* End PBXSourcesBuildPhase section */

/* Begin PBXTargetDependency section */
		29E10B4BBC639A6373941C06 /* PBXTargetDependency */ = {
			isa = PBXTargetDependency;
			name = Spyglass;
			target = 4318E7F1A16C804427F016D8 /* Spyglass */;
			targetProxy = 6F42F19F5864FEED35F65B66 /* PBXContainerItemProxy */;
		};
		9A701202B78E03EFC70395DD /* PBXTargetDependency */ = {
			isa = PBXTargetDependency;
			name = Spyglass;
			target = 4318E7F1A16C804427F016D8 /* Spyglass */;
			targetProxy = 040B87C7635811D01E55B078 /* PBXContainerItemProxy */;
		};
/* End PBXTargetDependency section */

/* Begin XCBuildConfiguration section */
		33DF8FB638A652711DBB1143 /* Release */ = {
			isa = XCBuildConfiguration;
			baseConfigurationReference = 315ECF5AD5776F4DE36BFF20 /* Spyglass.xcconfig */;
			buildSettings = {
				ASSETCATALOG_COMPILER_APPICON_NAME = AppIcon;
				CODE_SIGN_IDENTITY = "-";
				COMBINE_HIDPI_IMAGES = YES;
				ENABLE_PREVIEWS = YES;
				INFOPLIST_FILE = "Derived/InfoPlists/Spyglass-Info.plist";
				LD_RUNPATH_SEARCH_PATHS = (
					"$(inherited)",
					"@executable_path/../Frameworks",
				);
				MACOSX_DEPLOYMENT_TARGET = 12.1;
				PRODUCT_BUNDLE_IDENTIFIER = no.org.Spyglass;
				PRODUCT_NAME = Spyglass;
				SDKROOT = macosx;
				SWIFT_COMPILATION_MODE = wholemodule;
				SWIFT_OPTIMIZATION_LEVEL = "-Owholemodule";
				SWIFT_VERSION = 5.0;
			};
			name = Release;
		};
		51A26B8477421F4CAA52F0C9 /* Release */ = {
			isa = XCBuildConfiguration;
			baseConfigurationReference = 66D49C2DF8AAB50C9F253404 /* SpyglassProject.xcconfig */;
			buildSettings = {
				ALWAYS_SEARCH_USER_PATHS = NO;
				CLANG_ANALYZER_LOCALIZABILITY_NONLOCALIZED = YES;
				CLANG_ANALYZER_NONNULL = YES;
				CLANG_ANALYZER_NUMBER_OBJECT_CONVERSION = YES_AGGRESSIVE;
				CLANG_CXX_LANGUAGE_STANDARD = "gnu++14";
				CLANG_CXX_LIBRARY = "libc++";
				CLANG_ENABLE_MODULES = YES;
				CLANG_ENABLE_OBJC_ARC = YES;
				CLANG_ENABLE_OBJC_WEAK = YES;
				CLANG_WARN_BLOCK_CAPTURE_AUTORELEASING = YES;
				CLANG_WARN_BOOL_CONVERSION = YES;
				CLANG_WARN_COMMA = YES;
				CLANG_WARN_CONSTANT_CONVERSION = YES;
				CLANG_WARN_DEPRECATED_OBJC_IMPLEMENTATIONS = YES;
				CLANG_WARN_DIRECT_OBJC_ISA_USAGE = YES_ERROR;
				CLANG_WARN_DOCUMENTATION_COMMENTS = YES;
				CLANG_WARN_EMPTY_BODY = YES;
				CLANG_WARN_ENUM_CONVERSION = YES;
				CLANG_WARN_INFINITE_RECURSION = YES;
				CLANG_WARN_INT_CONVERSION = YES;
				CLANG_WARN_NON_LITERAL_NULL_CONVERSION = YES;
				CLANG_WARN_OBJC_IMPLICIT_RETAIN_SELF = YES;
				CLANG_WARN_OBJC_LITERAL_CONVERSION = YES;
				CLANG_WARN_OBJC_ROOT_CLASS = YES_ERROR;
				CLANG_WARN_QUOTED_INCLUDE_IN_FRAMEWORK_HEADER = YES;
				CLANG_WARN_RANGE_LOOP_ANALYSIS = YES;
				CLANG_WARN_STRICT_PROTOTYPES = YES;
				CLANG_WARN_SUSPICIOUS_MOVE = YES;
				CLANG_WARN_UNGUARDED_AVAILABILITY = YES_AGGRESSIVE;
				CLANG_WARN_UNREACHABLE_CODE = YES;
				CLANG_WARN__DUPLICATE_METHOD_MATCH = YES;
				COPY_PHASE_STRIP = NO;
				DEAD_CODE_STRIPPING = YES;
				DEBUG_INFORMATION_FORMAT = "dwarf-with-dsym";
				ENABLE_NS_ASSERTIONS = NO;
				ENABLE_STRICT_OBJC_MSGSEND = YES;
				GCC_C_LANGUAGE_STANDARD = gnu11;
				GCC_NO_COMMON_BLOCKS = YES;
				GCC_WARN_64_TO_32_BIT_CONVERSION = YES;
				GCC_WARN_ABOUT_RETURN_TYPE = YES_ERROR;
				GCC_WARN_UNDECLARED_SELECTOR = YES;
				GCC_WARN_UNINITIALIZED_AUTOS = YES_AGGRESSIVE;
				GCC_WARN_UNUSED_FUNCTION = YES;
				GCC_WARN_UNUSED_VARIABLE = YES;
				MTL_ENABLE_DEBUG_INFO = NO;
				PRODUCT_NAME = "$(TARGET_NAME)";
				VALIDATE_PRODUCT = YES;
			};
			name = Release;
		};
		87C5623FBF76BE0B2CB0B0AB /* Debug */ = {
			isa = XCBuildConfiguration;
			baseConfigurationReference = 66D49C2DF8AAB50C9F253404 /* SpyglassProject.xcconfig */;
			buildSettings = {
				ALWAYS_SEARCH_USER_PATHS = NO;
				CLANG_ANALYZER_LOCALIZABILITY_NONLOCALIZED = YES;
				CLANG_ANALYZER_NONNULL = YES;
				CLANG_ANALYZER_NUMBER_OBJECT_CONVERSION = YES_AGGRESSIVE;
				CLANG_CXX_LANGUAGE_STANDARD = "gnu++14";
				CLANG_CXX_LIBRARY = "libc++";
				CLANG_ENABLE_MODULES = YES;
				CLANG_ENABLE_OBJC_ARC = YES;
				CLANG_ENABLE_OBJC_WEAK = YES;
				CLANG_WARN_BLOCK_CAPTURE_AUTORELEASING = YES;
				CLANG_WARN_BOOL_CONVERSION = YES;
				CLANG_WARN_COMMA = YES;
				CLANG_WARN_CONSTANT_CONVERSION = YES;
				CLANG_WARN_DEPRECATED_OBJC_IMPLEMENTATIONS = YES;
				CLANG_WARN_DIRECT_OBJC_ISA_USAGE = YES_ERROR;
				CLANG_WARN_DOCUMENTATION_COMMENTS = YES;
				CLANG_WARN_EMPTY_BODY = YES;
				CLANG_WARN_ENUM_CONVERSION = YES;
				CLANG_WARN_INFINITE_RECURSION = YES;
				CLANG_WARN_INT_CONVERSION = YES;
				CLANG_WARN_NON_LITERAL_NULL_CONVERSION = YES;
				CLANG_WARN_OBJC_IMPLICIT_RETAIN_SELF = YES;
				CLANG_WARN_OBJC_LITERAL_CONVERSION = YES;
				CLANG_WARN_OBJC_ROOT_CLASS = YES_ERROR;
				CLANG_WARN_QUOTED_INCLUDE_IN_FRAMEWORK_HEADER = YES;
				CLANG_WARN_RANGE_LOOP_ANALYSIS = YES;
				CLANG_WARN_STRICT_PROTOTYPES = YES;
				CLANG_WARN_SUSPICIOUS_MOVE = YES;
				CLANG_WARN_UNGUARDED_AVAILABILITY = YES_AGGRESSIVE;
				CLANG_WARN_UNREACHABLE_CODE = YES;
				CLANG_WARN__DUPLICATE_METHOD_MATCH = YES;
				COPY_PHASE_STRIP = NO;
				DEAD_CODE_STRIPPING = YES;
				DEBUG_INFORMATION_FORMAT = dwarf;
				ENABLE_STRICT_OBJC_MSGSEND = YES;
				ENABLE_TESTABILITY = YES;
				GCC_C_LANGUAGE_STANDARD = gnu11;
				GCC_DYNAMIC_NO_PIC = NO;
				GCC_NO_COMMON_BLOCKS = YES;
				GCC_OPTIMIZATION_LEVEL = 0;
				GCC_PREPROCESSOR_DEFINITIONS = (
					"DEBUG=1",
					"$(inherited)",
				);
				GCC_WARN_64_TO_32_BIT_CONVERSION = YES;
				GCC_WARN_ABOUT_RETURN_TYPE = YES_ERROR;
				GCC_WARN_UNDECLARED_SELECTOR = YES;
				GCC_WARN_UNINITIALIZED_AUTOS = YES_AGGRESSIVE;
				GCC_WARN_UNUSED_FUNCTION = YES;
				GCC_WARN_UNUSED_VARIABLE = YES;
				MTL_ENABLE_DEBUG_INFO = YES;
				ONLY_ACTIVE_ARCH = YES;
				PRODUCT_NAME = "$(TARGET_NAME)";
			};
			name = Debug;
		};
		A254B923C77B083F5AD3DE8C /* Debug */ = {
			isa = XCBuildConfiguration;
			baseConfigurationReference = 315ECF5AD5776F4DE36BFF20 /* Spyglass.xcconfig */;
			buildSettings = {
				ASSETCATALOG_COMPILER_APPICON_NAME = AppIcon;
				CODE_SIGN_IDENTITY = "-";
				COMBINE_HIDPI_IMAGES = YES;
				ENABLE_PREVIEWS = YES;
				INFOPLIST_FILE = "Derived/InfoPlists/Spyglass-Info.plist";
				LD_RUNPATH_SEARCH_PATHS = (
					"$(inherited)",
					"@executable_path/../Frameworks",
				);
				MACOSX_DEPLOYMENT_TARGET = 12.1;
				PRODUCT_BUNDLE_IDENTIFIER = no.org.Spyglass;
				PRODUCT_NAME = Spyglass;
				SDKROOT = macosx;
				SWIFT_ACTIVE_COMPILATION_CONDITIONS = DEBUG;
				SWIFT_COMPILATION_MODE = singlefile;
				SWIFT_OPTIMIZATION_LEVEL = "-Onone";
				SWIFT_VERSION = 5.0;
			};
			name = Debug;
		};
		A5270809BD0A00155A51D692 /* Release */ = {
			isa = XCBuildConfiguration;
			baseConfigurationReference = B0E92C4E470901E5C13C0103 /* SpyglassUITests.xcconfig */;
			buildSettings = {
				CODE_SIGN_IDENTITY = "-";
				INFOPLIST_FILE = "Derived/InfoPlists/SpyglassUITests-Info.plist";
				LD_RUNPATH_SEARCH_PATHS = (
					"$(inherited)",
					"@executable_path/../Frameworks",
					"@loader_path/../Frameworks",
				);
				MACOSX_DEPLOYMENT_TARGET = 12.1;
				PRODUCT_BUNDLE_IDENTIFIER = no.org.SpyglassUITests;
				PRODUCT_NAME = SpyglassUITests;
				SDKROOT = macosx;
				SWIFT_COMPILATION_MODE = wholemodule;
				SWIFT_OPTIMIZATION_LEVEL = "-Owholemodule";
				SWIFT_VERSION = 5.0;
				TEST_TARGET_NAME = Spyglass;
			};
			name = Release;
		};
		B01322876C8748DB7E108966 /* Release */ = {
			isa = XCBuildConfiguration;
			baseConfigurationReference = 5F1D579DF37297FDB664F594 /* SpyglassTests.xcconfig */;
			buildSettings = {
				BUNDLE_LOADER = "$(TEST_HOST)";
				CODE_SIGN_IDENTITY = "-";
				INFOPLIST_FILE = "Derived/InfoPlists/SpyglassTests-Info.plist";
				LD_RUNPATH_SEARCH_PATHS = (
					"$(inherited)",
					"@executable_path/../Frameworks",
					"@loader_path/../Frameworks",
				);
				MACOSX_DEPLOYMENT_TARGET = 12.1;
				PRODUCT_BUNDLE_IDENTIFIER = no.org.SpyglassTests;
				PRODUCT_NAME = SpyglassTests;
				SDKROOT = macosx;
				SWIFT_COMPILATION_MODE = wholemodule;
				SWIFT_OPTIMIZATION_LEVEL = "-Owholemodule";
				SWIFT_VERSION = 5.0;
				TEST_HOST = "$(BUILT_PRODUCTS_DIR)/Spyglass.app/Contents/MacOS/Spyglass";
				TEST_TARGET_NAME = Spyglass;
			};
			name = Release;
		};
		B04D9DE55A8CF74CFED16FA6 /* Debug */ = {
			isa = XCBuildConfiguration;
			baseConfigurationReference = B0E92C4E470901E5C13C0103 /* SpyglassUITests.xcconfig */;
			buildSettings = {
				CODE_SIGN_IDENTITY = "-";
				INFOPLIST_FILE = "Derived/InfoPlists/SpyglassUITests-Info.plist";
				LD_RUNPATH_SEARCH_PATHS = (
					"$(inherited)",
					"@executable_path/../Frameworks",
					"@loader_path/../Frameworks",
				);
				MACOSX_DEPLOYMENT_TARGET = 12.1;
				PRODUCT_BUNDLE_IDENTIFIER = no.org.SpyglassUITests;
				PRODUCT_NAME = SpyglassUITests;
				SDKROOT = macosx;
				SWIFT_ACTIVE_COMPILATION_CONDITIONS = DEBUG;
				SWIFT_COMPILATION_MODE = singlefile;
				SWIFT_OPTIMIZATION_LEVEL = "-Onone";
				SWIFT_VERSION = 5.0;
				TEST_TARGET_NAME = Spyglass;
			};
			name = Debug;
		};
		B8FF29617CC8F1767E7CB440 /* Debug */ = {
			isa = XCBuildConfiguration;
			baseConfigurationReference = 5F1D579DF37297FDB664F594 /* SpyglassTests.xcconfig */;
			buildSettings = {
				BUNDLE_LOADER = "$(TEST_HOST)";
				CODE_SIGN_IDENTITY = "-";
				INFOPLIST_FILE = "Derived/InfoPlists/SpyglassTests-Info.plist";
				LD_RUNPATH_SEARCH_PATHS = (
					"$(inherited)",
					"@executable_path/../Frameworks",
					"@loader_path/../Frameworks",
				);
				MACOSX_DEPLOYMENT_TARGET = 12.1;
				PRODUCT_BUNDLE_IDENTIFIER = no.org.SpyglassTests;
				PRODUCT_NAME = SpyglassTests;
				SDKROOT = macosx;
				SWIFT_ACTIVE_COMPILATION_CONDITIONS = DEBUG;
				SWIFT_COMPILATION_MODE = singlefile;
				SWIFT_OPTIMIZATION_LEVEL = "-Onone";
				SWIFT_VERSION = 5.0;
				TEST_HOST = "$(BUILT_PRODUCTS_DIR)/Spyglass.app/Contents/MacOS/Spyglass";
				TEST_TARGET_NAME = Spyglass;
			};
			name = Debug;
		};
/* End XCBuildConfiguration section */

/* Begin XCConfigurationList section */
		08A4A163B8FEE5A414E5D043 /* Build configuration list for PBXNativeTarget "SpyglassTests" */ = {
			isa = XCConfigurationList;
			buildConfigurations = (
				B8FF29617CC8F1767E7CB440 /* Debug */,
				B01322876C8748DB7E108966 /* Release */,
			);
			defaultConfigurationIsVisible = 0;
			defaultConfigurationName = Release;
		};
		1B15C1043BDC07BDF80A3DFE /* Build configuration list for PBXNativeTarget "Spyglass" */ = {
			isa = XCConfigurationList;
			buildConfigurations = (
				A254B923C77B083F5AD3DE8C /* Debug */,
				33DF8FB638A652711DBB1143 /* Release */,
			);
			defaultConfigurationIsVisible = 0;
			defaultConfigurationName = Release;
		};
		677F0869DE2F8E8F27ACBD62 /* Build configuration list for PBXNativeTarget "SpyglassUITests" */ = {
			isa = XCConfigurationList;
			buildConfigurations = (
				B04D9DE55A8CF74CFED16FA6 /* Debug */,
				A5270809BD0A00155A51D692 /* Release */,
			);
			defaultConfigurationIsVisible = 0;
			defaultConfigurationName = Release;
		};
		C59699E1AEE8D6C24462FD4F /* Build configuration list for PBXProject "Spyglass" */ = {
			isa = XCConfigurationList;
			buildConfigurations = (
				87C5623FBF76BE0B2CB0B0AB /* Debug */,
				51A26B8477421F4CAA52F0C9 /* Release */,
			);
			defaultConfigurationIsVisible = 0;
			defaultConfigurationName = Release;
		};
/* End XCConfigurationList section */

/* Begin XCRemoteSwiftPackageReference section */
		631737C53009E529F9898A66 /* XCRemoteSwiftPackageReference "swift-composable-architecture" */ = {
			isa = XCRemoteSwiftPackageReference;
			repositoryURL = "https://github.com/pointfreeco/swift-composable-architecture.git";
			requirement = {
				kind = upToNextMajorVersion;
				minimumVersion = 0.9.0;
			};
		};
		B09F77B7C65B636CAFF8C3BC /* XCRemoteSwiftPackageReference "vapor" */ = {
			isa = XCRemoteSwiftPackageReference;
			repositoryURL = "https://github.com/vapor/vapor.git";
			requirement = {
				kind = upToNextMajorVersion;
				minimumVersion = 4.0.0;
			};
		};
		D0873D9FE706217768273ADF /* XCRemoteSwiftPackageReference "swift-custom-dump" */ = {
			isa = XCRemoteSwiftPackageReference;
			repositoryURL = "https://github.com/pointfreeco/swift-custom-dump.git";
			requirement = {
				kind = upToNextMajorVersion;
				minimumVersion = 0.5.0;
			};
		};
		E4FCB1A42892990646506B5C /* XCRemoteSwiftPackageReference "OutlineView" */ = {
			isa = XCRemoteSwiftPackageReference;
			repositoryURL = "https://github.com/Sameesunkaria/OutlineView.git";
			requirement = {
				kind = upToNextMajorVersion;
				minimumVersion = 1.0.0;
			};
		};
/* End XCRemoteSwiftPackageReference section */

/* Begin XCSwiftPackageProductDependency section */
		0A650C435A1FBF684B34DD7B /* ComposableArchitecture */ = {
			isa = XCSwiftPackageProductDependency;
			productName = ComposableArchitecture;
		};
		52B951F4DC7E693F0BADA503 /* OutlineView */ = {
			isa = XCSwiftPackageProductDependency;
			productName = OutlineView;
		};
		7DCC7B7793A7EA97B5209EC6 /* Vapor */ = {
			isa = XCSwiftPackageProductDependency;
			productName = Vapor;
		};
		852DC7AD6934B1E3D392A9DC /* CustomDump */ = {
			isa = XCSwiftPackageProductDependency;
			productName = CustomDump;
		};
		8905AB9CC4414CB0AD09928E /* OutlineView */ = {
			isa = XCSwiftPackageProductDependency;
			productName = OutlineView;
		};
		89F9D046BF6242A9232FDE73 /* CustomDump */ = {
			isa = XCSwiftPackageProductDependency;
			productName = CustomDump;
		};
		8ECE0DF10FE6B6DC7D6E2AE1 /* Vapor */ = {
			isa = XCSwiftPackageProductDependency;
			productName = Vapor;
		};
		B00E8E199D6F801A0D6A728D /* OutlineView */ = {
			isa = XCSwiftPackageProductDependency;
			productName = OutlineView;
		};
		BC6F0EA96219971507E8B040 /* ComposableArchitecture */ = {
			isa = XCSwiftPackageProductDependency;
			productName = ComposableArchitecture;
		};
		BFA95B964322BBA8F21A4B1D /* CustomDump */ = {
			isa = XCSwiftPackageProductDependency;
			productName = CustomDump;
		};
		E43D27C728442B64A2296D1F /* Vapor */ = {
			isa = XCSwiftPackageProductDependency;
			productName = Vapor;
		};
		F1426BEC21FEB7A359D1B7D5 /* ComposableArchitecture */ = {
			isa = XCSwiftPackageProductDependency;
			productName = ComposableArchitecture;
		};
/* End XCSwiftPackageProductDependency section */
	};
	rootObject = 6CAF3A274287C2AC0BC70165 /* Project object */;
}
